// !$*UTF8*$!
{
	archiveVersion = 1;
	classes = {
	};
	objectVersion = 77;
	objects = {

/* Begin PBXBuildFile section */
		504EAD252ECF00CE008CF9FC /* EmulatorProxy.mm in Sources */ = {isa = PBXBuildFile; fileRef = 504EAD212ECF00CE008CF9FC /* EmulatorProxy.mm */; };
		504EAD262ECF00CE008CF9FC /* TypeExtensions.swift in Sources */ = {isa = PBXBuildFile; fileRef = 504EAD232ECF00CE008CF9FC /* TypeExtensions.swift */; };
		504EAD272ECF00CE008CF9FC /* ProxyExtensions.swift in Sources */ = {isa = PBXBuildFile; fileRef = 504EAD222ECF00CE008CF9FC /* ProxyExtensions.swift */; };
		504EAD2D2ECF0266008CF9FC /* FuseAdapter.cpp in Sources */ = {isa = PBXBuildFile; fileRef = 504EAD2C2ECF0263008CF9FC /* FuseAdapter.cpp */; };
		507724952ECF26F800DB04C5 /* libfuse.2.dylib in Frameworks */ = {isa = PBXBuildFile; fileRef = 507724942ECF26BF00DB04C5 /* libfuse.2.dylib */; };
		507724962ECF2FA300DB04C5 /* libfuse.2.dylib in Embed Libraries */ = {isa = PBXBuildFile; fileRef = 507724942ECF26BF00DB04C5 /* libfuse.2.dylib */; settings = {ATTRIBUTES = (CodeSignOnCopy, ); }; };
		5077249B2ECF8B8400DB04C5 /* FuseAdapterCallbacks.cpp in Sources */ = {isa = PBXBuildFile; fileRef = 507724992ECF6AE100DB04C5 /* FuseAdapterCallbacks.cpp */; };
		5077249F2ECFA78E00DB04C5 /* FuseDebug.cpp in Sources */ = {isa = PBXBuildFile; fileRef = 5077249E2ECFA78D00DB04C5 /* FuseDebug.cpp */; };
		507724A22ED0619000DB04C5 /* FuseDelegate.cpp in Sources */ = {isa = PBXBuildFile; fileRef = 507724A12ED0618E00DB04C5 /* FuseDelegate.cpp */; };
/* End PBXBuildFile section */

/* Begin PBXCopyFilesBuildPhase section */
		504EAD3F2ECF14AA008CF9FC /* Embed Libraries */ = {
			isa = PBXCopyFilesBuildPhase;
			buildActionMask = 2147483647;
			dstPath = "";
			dstSubfolderSpec = 10;
			files = (
				507724962ECF2FA300DB04C5 /* libfuse.2.dylib in Embed Libraries */,
			);
			name = "Embed Libraries";
			runOnlyForDeploymentPostprocessing = 0;
		};
/* End PBXCopyFilesBuildPhase section */

/* Begin PBXFileReference section */
		504EA7BD2ECE39E8008CF9FC /* vMount.app */ = {isa = PBXFileReference; explicitFileType = wrapper.application; includeInIndex = 0; path = vMount.app; sourceTree = BUILT_PRODUCTS_DIR; };
		504EAD1F2ECF00CE008CF9FC /* Bridging-Header.h */ = {isa = PBXFileReference; lastKnownFileType = sourcecode.c.h; path = "Bridging-Header.h"; sourceTree = "<group>"; };
		504EAD202ECF00CE008CF9FC /* EmulatorProxy.h */ = {isa = PBXFileReference; lastKnownFileType = sourcecode.c.h; path = EmulatorProxy.h; sourceTree = "<group>"; };
		504EAD212ECF00CE008CF9FC /* EmulatorProxy.mm */ = {isa = PBXFileReference; lastKnownFileType = sourcecode.cpp.objcpp; path = EmulatorProxy.mm; sourceTree = "<group>"; };
		504EAD222ECF00CE008CF9FC /* ProxyExtensions.swift */ = {isa = PBXFileReference; lastKnownFileType = sourcecode.swift; path = ProxyExtensions.swift; sourceTree = "<group>"; };
		504EAD232ECF00CE008CF9FC /* TypeExtensions.swift */ = {isa = PBXFileReference; lastKnownFileType = sourcecode.swift; path = TypeExtensions.swift; sourceTree = "<group>"; };
		504EAD2A2ECF024E008CF9FC /* FuseAdapter.h */ = {isa = PBXFileReference; lastKnownFileType = sourcecode.swift; path = FuseAdapter.h; sourceTree = "<group>"; };
		504EAD2C2ECF0263008CF9FC /* FuseAdapter.cpp */ = {isa = PBXFileReference; lastKnownFileType = sourcecode.cpp.cpp; path = FuseAdapter.cpp; sourceTree = "<group>"; };
		507724942ECF26BF00DB04C5 /* libfuse.2.dylib */ = {isa = PBXFileReference; lastKnownFileType = "compiled.mach-o.dylib"; name = libfuse.2.dylib; path = /usr/local/lib/libfuse.2.dylib; sourceTree = "<absolute>"; };
		507724992ECF6AE100DB04C5 /* FuseAdapterCallbacks.cpp */ = {isa = PBXFileReference; lastKnownFileType = sourcecode.cpp.cpp; path = FuseAdapterCallbacks.cpp; sourceTree = "<group>"; };
		5077249A2ECF843500DB04C5 /* FuseAdapterCallbacks.h */ = {isa = PBXFileReference; lastKnownFileType = sourcecode.c.h; path = FuseAdapterCallbacks.h; sourceTree = "<group>"; };
		5077249C2ECF8BC000DB04C5 /* FuseAPI.h */ = {isa = PBXFileReference; lastKnownFileType = sourcecode.c.h; path = FuseAPI.h; sourceTree = "<group>"; };
		5077249D2ECFA78500DB04C5 /* FuseDebug.h */ = {isa = PBXFileReference; lastKnownFileType = sourcecode.c.h; path = FuseDebug.h; sourceTree = "<group>"; };
		5077249E2ECFA78D00DB04C5 /* FuseDebug.cpp */ = {isa = PBXFileReference; lastKnownFileType = sourcecode.cpp.cpp; path = FuseDebug.cpp; sourceTree = "<group>"; };
		507724A02ED0618500DB04C5 /* FuseDelegate.h */ = {isa = PBXFileReference; lastKnownFileType = sourcecode.c.h; path = FuseDelegate.h; sourceTree = "<group>"; };
		507724A12ED0618E00DB04C5 /* FuseDelegate.cpp */ = {isa = PBXFileReference; lastKnownFileType = sourcecode.cpp.cpp; path = FuseDelegate.cpp; sourceTree = "<group>"; };
		507724A32ED0716900DB04C5 /* FuseAdapterTypes.h */ = {isa = PBXFileReference; lastKnownFileType = sourcecode.c.h; path = FuseAdapterTypes.h; sourceTree = "<group>"; };
/* End PBXFileReference section */

/* Begin PBXFileSystemSynchronizedBuildFileExceptionSet section */
		504EAD092ECE3D14008CF9FC /* Exceptions for "Core" folder in "vMount" target */ = {
			isa = PBXFileSystemSynchronizedBuildFileExceptionSet;
			membershipExceptions = (
				CMakeLists.txt,
				Components/Agnus/Blitter/CMakeLists.txt,
				Components/Agnus/CMakeLists.txt,
				Components/Agnus/Copper/CMakeLists.txt,
				Components/Agnus/DmaDebugger/CMakeLists.txt,
				Components/Agnus/Sequencer/CMakeLists.txt,
				Components/CIA/CMakeLists.txt,
				Components/CMakeLists.txt,
				Components/CPU/CMakeLists.txt,
				Components/CPU/Moira/CMakeLists.txt,
				Components/Denise/CMakeLists.txt,
				Components/Memory/CMakeLists.txt,
				Components/Paula/Audio/CMakeLists.txt,
				Components/Paula/CMakeLists.txt,
				Components/Paula/DiskController/CMakeLists.txt,
				Components/Paula/UART/CMakeLists.txt,
				Components/RTC/CMakeLists.txt,
				Components/Zorro/CMakeLists.txt,
				FileSystems/CMakeLists.txt,
				Infrastructure/CMakeLists.txt,
				Media/CMakeLists.txt,
				Media/DiskFiles/CMakeLists.txt,
				Media/RomFiles/CMakeLists.txt,
				Misc/CMakeLists.txt,
				Misc/LogicAnalyzer/CMakeLists.txt,
				Misc/OSDebugger/CMakeLists.txt,
				Misc/RegressionTester/CMakeLists.txt,
				Misc/RemoteServers/CMakeLists.txt,
				Misc/RetroShell/CMakeLists.txt,
				Peripherals/CMakeLists.txt,
				Peripherals/Drive/CMakeLists.txt,
				Peripherals/Joystick/CMakeLists.txt,
				Peripherals/Keyboard/CMakeLists.txt,
				Peripherals/Monitor/CMakeLists.txt,
				Peripherals/Mouse/CMakeLists.txt,
				Ports/CMakeLists.txt,
				ThirdParty/CMakeLists.txt,
				ThirdParty/xdms/CMakeLists.txt,
				Utilities/CMakeLists.txt,
			);
			target = 504EA7BC2ECE39E8008CF9FC /* vMount */;
		};
/* End PBXFileSystemSynchronizedBuildFileExceptionSet section */

/* Begin PBXFileSystemSynchronizedRootGroup section */
		504EA7BF2ECE39E8008CF9FC /* vMount */ = {
			isa = PBXFileSystemSynchronizedRootGroup;
			path = vMount;
			sourceTree = "<group>";
		};
		504EAC5D2ECE3D14008CF9FC /* Core */ = {
			isa = PBXFileSystemSynchronizedRootGroup;
			exceptions = (
				504EAD092ECE3D14008CF9FC /* Exceptions for "Core" folder in "vMount" target */,
			);
			path = Core;
			sourceTree = "<group>";
		};
/* End PBXFileSystemSynchronizedRootGroup section */

/* Begin PBXFrameworksBuildPhase section */
		507724922ECF25B200DB04C5 /* Frameworks */ = {
			isa = PBXFrameworksBuildPhase;
			buildActionMask = 2147483647;
			files = (
				507724952ECF26F800DB04C5 /* libfuse.2.dylib in Frameworks */,
			);
			runOnlyForDeploymentPostprocessing = 0;
		};
/* End PBXFrameworksBuildPhase section */

/* Begin PBXGroup section */
		504EA7B42ECE39E8008CF9FC = {
			isa = PBXGroup;
			children = (
				507724A32ED0716900DB04C5 /* FuseAdapterTypes.h */,
				5077249C2ECF8BC000DB04C5 /* FuseAPI.h */,
				504EAD2A2ECF024E008CF9FC /* FuseAdapter.h */,
				504EAD2C2ECF0263008CF9FC /* FuseAdapter.cpp */,
				507724A02ED0618500DB04C5 /* FuseDelegate.h */,
				507724A12ED0618E00DB04C5 /* FuseDelegate.cpp */,
				5077249A2ECF843500DB04C5 /* FuseAdapterCallbacks.h */,
				507724992ECF6AE100DB04C5 /* FuseAdapterCallbacks.cpp */,
				5077249D2ECFA78500DB04C5 /* FuseDebug.h */,
				5077249E2ECFA78D00DB04C5 /* FuseDebug.cpp */,
				504EAC5D2ECE3D14008CF9FC /* Core */,
				504EAD242ECF00CE008CF9FC /* ObjCProxy */,
				504EA7BF2ECE39E8008CF9FC /* vMount */,
				504EAD362ECF10DC008CF9FC /* Frameworks */,
				504EA7BE2ECE39E8008CF9FC /* Products */,
			);
			sourceTree = "<group>";
		};
		504EA7BE2ECE39E8008CF9FC /* Products */ = {
			isa = PBXGroup;
			children = (
				504EA7BD2ECE39E8008CF9FC /* vMount.app */,
			);
			name = Products;
			sourceTree = "<group>";
		};
		504EAD242ECF00CE008CF9FC /* ObjCProxy */ = {
			isa = PBXGroup;
			children = (
				504EAD1F2ECF00CE008CF9FC /* Bridging-Header.h */,
				504EAD202ECF00CE008CF9FC /* EmulatorProxy.h */,
				504EAD212ECF00CE008CF9FC /* EmulatorProxy.mm */,
				504EAD222ECF00CE008CF9FC /* ProxyExtensions.swift */,
				504EAD232ECF00CE008CF9FC /* TypeExtensions.swift */,
			);
			path = ObjCProxy;
			sourceTree = "<group>";
		};
		504EAD362ECF10DC008CF9FC /* Frameworks */ = {
			isa = PBXGroup;
			children = (
				507724942ECF26BF00DB04C5 /* libfuse.2.dylib */,
			);
			name = Frameworks;
			sourceTree = "<group>";
		};
/* End PBXGroup section */

/* Begin PBXNativeTarget section */
		504EA7BC2ECE39E8008CF9FC /* vMount */ = {
			isa = PBXNativeTarget;
			buildConfigurationList = 504EA7CB2ECE39E9008CF9FC /* Build configuration list for PBXNativeTarget "vMount" */;
			buildPhases = (
				504EA7B92ECE39E8008CF9FC /* Sources */,
				504EAD3F2ECF14AA008CF9FC /* Embed Libraries */,
				504EA7BB2ECE39E8008CF9FC /* Resources */,
				507724922ECF25B200DB04C5 /* Frameworks */,
			);
			buildRules = (
			);
			dependencies = (
			);
			fileSystemSynchronizedGroups = (
				504EA7BF2ECE39E8008CF9FC /* vMount */,
				504EAC5D2ECE3D14008CF9FC /* Core */,
			);
			name = vMount;
			packageProductDependencies = (
			);
			productName = vMount;
			productReference = 504EA7BD2ECE39E8008CF9FC /* vMount.app */;
			productType = "com.apple.product-type.application";
		};
/* End PBXNativeTarget section */

/* Begin PBXProject section */
		504EA7B52ECE39E8008CF9FC /* Project object */ = {
			isa = PBXProject;
			attributes = {
				BuildIndependentTargetsInParallel = 1;
				LastSwiftUpdateCheck = 2610;
				LastUpgradeCheck = 2610;
				TargetAttributes = {
					504EA7BC2ECE39E8008CF9FC = {
						CreatedOnToolsVersion = 26.1.1;
					};
				};
			};
			buildConfigurationList = 504EA7B82ECE39E8008CF9FC /* Build configuration list for PBXProject "vMount" */;
			developmentRegion = en;
			hasScannedForEncodings = 0;
			knownRegions = (
				en,
				Base,
			);
			mainGroup = 504EA7B42ECE39E8008CF9FC;
			minimizedProjectReferenceProxies = 1;
			preferredProjectObjectVersion = 77;
			productRefGroup = 504EA7BE2ECE39E8008CF9FC /* Products */;
			projectDirPath = "";
			projectRoot = "";
			targets = (
				504EA7BC2ECE39E8008CF9FC /* vMount */,
			);
		};
/* End PBXProject section */

/* Begin PBXResourcesBuildPhase section */
		504EA7BB2ECE39E8008CF9FC /* Resources */ = {
			isa = PBXResourcesBuildPhase;
			buildActionMask = 2147483647;
			files = (
			);
			runOnlyForDeploymentPostprocessing = 0;
		};
/* End PBXResourcesBuildPhase section */

/* Begin PBXSourcesBuildPhase section */
		504EA7B92ECE39E8008CF9FC /* Sources */ = {
			isa = PBXSourcesBuildPhase;
			buildActionMask = 2147483647;
			files = (
				504EAD2D2ECF0266008CF9FC /* FuseAdapter.cpp in Sources */,
				5077249F2ECFA78E00DB04C5 /* FuseDebug.cpp in Sources */,
				5077249B2ECF8B8400DB04C5 /* FuseAdapterCallbacks.cpp in Sources */,
				504EAD252ECF00CE008CF9FC /* EmulatorProxy.mm in Sources */,
				507724A22ED0619000DB04C5 /* FuseDelegate.cpp in Sources */,
				504EAD262ECF00CE008CF9FC /* TypeExtensions.swift in Sources */,
				504EAD272ECF00CE008CF9FC /* ProxyExtensions.swift in Sources */,
			);
			runOnlyForDeploymentPostprocessing = 0;
		};
/* End PBXSourcesBuildPhase section */

/* Begin XCBuildConfiguration section */
		504EA7C92ECE39E9008CF9FC /* Debug */ = {
			isa = XCBuildConfiguration;
			buildSettings = {
				ALWAYS_SEARCH_USER_PATHS = NO;
				ASSETCATALOG_COMPILER_GENERATE_SWIFT_ASSET_SYMBOL_EXTENSIONS = YES;
				CLANG_ANALYZER_NONNULL = YES;
				CLANG_ANALYZER_NUMBER_OBJECT_CONVERSION = YES_AGGRESSIVE;
				CLANG_CXX_LANGUAGE_STANDARD = "gnu++20";
				CLANG_ENABLE_MODULES = YES;
				CLANG_ENABLE_OBJC_ARC = YES;
				CLANG_ENABLE_OBJC_WEAK = YES;
				CLANG_WARN_BLOCK_CAPTURE_AUTORELEASING = YES;
				CLANG_WARN_BOOL_CONVERSION = YES;
				CLANG_WARN_COMMA = YES;
				CLANG_WARN_CONSTANT_CONVERSION = YES;
				CLANG_WARN_DEPRECATED_OBJC_IMPLEMENTATIONS = YES;
				CLANG_WARN_DIRECT_OBJC_ISA_USAGE = YES_ERROR;
				CLANG_WARN_DOCUMENTATION_COMMENTS = YES;
				CLANG_WARN_EMPTY_BODY = YES;
				CLANG_WARN_ENUM_CONVERSION = YES;
				CLANG_WARN_INFINITE_RECURSION = YES;
				CLANG_WARN_INT_CONVERSION = YES;
				CLANG_WARN_NON_LITERAL_NULL_CONVERSION = YES;
				CLANG_WARN_OBJC_IMPLICIT_RETAIN_SELF = YES;
				CLANG_WARN_OBJC_LITERAL_CONVERSION = YES;
				CLANG_WARN_OBJC_ROOT_CLASS = YES_ERROR;
				CLANG_WARN_QUOTED_INCLUDE_IN_FRAMEWORK_HEADER = YES;
				CLANG_WARN_RANGE_LOOP_ANALYSIS = YES;
				CLANG_WARN_STRICT_PROTOTYPES = YES;
				CLANG_WARN_SUSPICIOUS_MOVE = YES;
				CLANG_WARN_UNGUARDED_AVAILABILITY = YES_AGGRESSIVE;
				CLANG_WARN_UNREACHABLE_CODE = YES;
				CLANG_WARN__DUPLICATE_METHOD_MATCH = YES;
				COPY_PHASE_STRIP = NO;
				DEBUG_INFORMATION_FORMAT = dwarf;
				DEVELOPMENT_TEAM = 3NG65ZLYW7;
				ENABLE_STRICT_OBJC_MSGSEND = YES;
				ENABLE_TESTABILITY = YES;
				ENABLE_USER_SCRIPT_SANDBOXING = YES;
				GCC_C_LANGUAGE_STANDARD = gnu17;
				GCC_DYNAMIC_NO_PIC = NO;
				GCC_NO_COMMON_BLOCKS = YES;
				GCC_OPTIMIZATION_LEVEL = 0;
				GCC_PREPROCESSOR_DEFINITIONS = (
					"_FILE_OFFSET_BITS=64",
					"DEBUG=1",
				);
				GCC_WARN_64_TO_32_BIT_CONVERSION = YES;
				GCC_WARN_ABOUT_RETURN_TYPE = YES_ERROR;
				GCC_WARN_UNDECLARED_SELECTOR = YES;
				GCC_WARN_UNINITIALIZED_AUTOS = YES_AGGRESSIVE;
				GCC_WARN_UNUSED_FUNCTION = YES;
				GCC_WARN_UNUSED_VARIABLE = YES;
				HEADER_SEARCH_PATHS = (
					Core,
					/usr/local/include,
				);
				LD_RUNPATH_SEARCH_PATHS = "@executable_path/../Frameworks";
				LIBRARY_SEARCH_PATHS = "";
				LOCALIZATION_PREFERS_STRING_CATALOGS = YES;
				MACOSX_DEPLOYMENT_TARGET = 26.1;
				MTL_ENABLE_DEBUG_INFO = INCLUDE_SOURCE;
				MTL_FAST_MATH = YES;
				ONLY_ACTIVE_ARCH = YES;
				SDKROOT = macosx;
				SWIFT_ACTIVE_COMPILATION_CONDITIONS = "DEBUG $(inherited)";
				SWIFT_OBJC_INTEROP_MODE = objcxx;
				SWIFT_OPTIMIZATION_LEVEL = "-Onone";
			};
			name = Debug;
		};
		504EA7CA2ECE39E9008CF9FC /* Release */ = {
			isa = XCBuildConfiguration;
			buildSettings = {
				ALWAYS_SEARCH_USER_PATHS = NO;
				ASSETCATALOG_COMPILER_GENERATE_SWIFT_ASSET_SYMBOL_EXTENSIONS = YES;
				CLANG_ANALYZER_NONNULL = YES;
				CLANG_ANALYZER_NUMBER_OBJECT_CONVERSION = YES_AGGRESSIVE;
				CLANG_CXX_LANGUAGE_STANDARD = "gnu++20";
				CLANG_ENABLE_MODULES = YES;
				CLANG_ENABLE_OBJC_ARC = YES;
				CLANG_ENABLE_OBJC_WEAK = YES;
				CLANG_WARN_BLOCK_CAPTURE_AUTORELEASING = YES;
				CLANG_WARN_BOOL_CONVERSION = YES;
				CLANG_WARN_COMMA = YES;
				CLANG_WARN_CONSTANT_CONVERSION = YES;
				CLANG_WARN_DEPRECATED_OBJC_IMPLEMENTATIONS = YES;
				CLANG_WARN_DIRECT_OBJC_ISA_USAGE = YES_ERROR;
				CLANG_WARN_DOCUMENTATION_COMMENTS = YES;
				CLANG_WARN_EMPTY_BODY = YES;
				CLANG_WARN_ENUM_CONVERSION = YES;
				CLANG_WARN_INFINITE_RECURSION = YES;
				CLANG_WARN_INT_CONVERSION = YES;
				CLANG_WARN_NON_LITERAL_NULL_CONVERSION = YES;
				CLANG_WARN_OBJC_IMPLICIT_RETAIN_SELF = YES;
				CLANG_WARN_OBJC_LITERAL_CONVERSION = YES;
				CLANG_WARN_OBJC_ROOT_CLASS = YES_ERROR;
				CLANG_WARN_QUOTED_INCLUDE_IN_FRAMEWORK_HEADER = YES;
				CLANG_WARN_RANGE_LOOP_ANALYSIS = YES;
				CLANG_WARN_STRICT_PROTOTYPES = YES;
				CLANG_WARN_SUSPICIOUS_MOVE = YES;
				CLANG_WARN_UNGUARDED_AVAILABILITY = YES_AGGRESSIVE;
				CLANG_WARN_UNREACHABLE_CODE = YES;
				CLANG_WARN__DUPLICATE_METHOD_MATCH = YES;
				COPY_PHASE_STRIP = NO;
				DEBUG_INFORMATION_FORMAT = "dwarf-with-dsym";
				DEVELOPMENT_TEAM = 3NG65ZLYW7;
				ENABLE_NS_ASSERTIONS = NO;
				ENABLE_STRICT_OBJC_MSGSEND = YES;
				ENABLE_USER_SCRIPT_SANDBOXING = YES;
				GCC_C_LANGUAGE_STANDARD = gnu17;
				GCC_NO_COMMON_BLOCKS = YES;
				GCC_PREPROCESSOR_DEFINITIONS = "_FILE_OFFSET_BITS=64";
				GCC_WARN_64_TO_32_BIT_CONVERSION = YES;
				GCC_WARN_ABOUT_RETURN_TYPE = YES_ERROR;
				GCC_WARN_UNDECLARED_SELECTOR = YES;
				GCC_WARN_UNINITIALIZED_AUTOS = YES_AGGRESSIVE;
				GCC_WARN_UNUSED_FUNCTION = YES;
				GCC_WARN_UNUSED_VARIABLE = YES;
				HEADER_SEARCH_PATHS = (
					Core,
					/usr/local/include,
				);
				LD_RUNPATH_SEARCH_PATHS = "@executable_path/../Frameworks";
				LIBRARY_SEARCH_PATHS = "";
				LOCALIZATION_PREFERS_STRING_CATALOGS = YES;
				MACOSX_DEPLOYMENT_TARGET = 26.1;
				MTL_ENABLE_DEBUG_INFO = NO;
				MTL_FAST_MATH = YES;
				SDKROOT = macosx;
				SWIFT_COMPILATION_MODE = wholemodule;
				SWIFT_OBJC_INTEROP_MODE = objcxx;
			};
			name = Release;
		};
		504EA7CC2ECE39E9008CF9FC /* Debug */ = {
			isa = XCBuildConfiguration;
			buildSettings = {
				ASSETCATALOG_COMPILER_APPICON_NAME = AppIcon;
				ASSETCATALOG_COMPILER_GLOBAL_ACCENT_COLOR_NAME = AccentColor;
				AUTOMATION_APPLE_EVENTS = NO;
				CLANG_CXX_LANGUAGE_STANDARD = "gnu++23";
				CODE_SIGN_STYLE = Automatic;
				COMBINE_HIDPI_IMAGES = YES;
				CURRENT_PROJECT_VERSION = 1;
				DEVELOPMENT_TEAM = 3NG65ZLYW7;
				ENABLE_APP_SANDBOX = NO;
				ENABLE_HARDENED_RUNTIME = YES;
				ENABLE_RESOURCE_ACCESS_PHOTO_LIBRARY = NO;
				GENERATE_INFOPLIST_FILE = YES;
				INFOPLIST_KEY_NSHumanReadableCopyright = "";
				INFOPLIST_KEY_NSMainStoryboardFile = Main;
				INFOPLIST_KEY_NSPrincipalClass = NSApplication;
				LD_RUNPATH_SEARCH_PATHS = (
					"$(inherited)",
					"@executable_path/../Frameworks",
				);
				LIBRARY_SEARCH_PATHS = (
					"$(inherited)",
					"$(PROJECT_DIR)",
					/usr/local/lib,
				);
				MARKETING_VERSION = 1.0;
				PRODUCT_BUNDLE_IDENTIFIER = de.dirkwhoffmann.de.vMount;
				PRODUCT_NAME = "$(TARGET_NAME)";
				REGISTER_APP_GROUPS = YES;
				RUNTIME_EXCEPTION_ALLOW_DYLD_ENVIRONMENT_VARIABLES = NO;
				RUNTIME_EXCEPTION_ALLOW_JIT = NO;
				RUNTIME_EXCEPTION_ALLOW_UNSIGNED_EXECUTABLE_MEMORY = NO;
				RUNTIME_EXCEPTION_DEBUGGING_TOOL = NO;
				RUNTIME_EXCEPTION_DISABLE_EXECUTABLE_PAGE_PROTECTION = NO;
				RUNTIME_EXCEPTION_DISABLE_LIBRARY_VALIDATION = YES;
				STRING_CATALOG_GENERATE_SYMBOLS = YES;
				SWIFT_APPROACHABLE_CONCURRENCY = YES;
				SWIFT_DEFAULT_ACTOR_ISOLATION = MainActor;
				SWIFT_EMIT_LOC_STRINGS = YES;
				SWIFT_OBJC_BRIDGING_HEADER = "ObjCProxy/Bridging-Header.h";
				SWIFT_UPCOMING_FEATURE_MEMBER_IMPORT_VISIBILITY = YES;
				SWIFT_VERSION = 5.0;
			};
			name = Debug;
		};
		504EA7CD2ECE39E9008CF9FC /* Release */ = {
			isa = XCBuildConfiguration;
			buildSettings = {
				ASSETCATALOG_COMPILER_APPICON_NAME = AppIcon;
				ASSETCATALOG_COMPILER_GLOBAL_ACCENT_COLOR_NAME = AccentColor;
				AUTOMATION_APPLE_EVENTS = NO;
				CLANG_CXX_LANGUAGE_STANDARD = "gnu++23";
				CODE_SIGN_STYLE = Automatic;
				COMBINE_HIDPI_IMAGES = YES;
				CURRENT_PROJECT_VERSION = 1;
				DEVELOPMENT_TEAM = 3NG65ZLYW7;
				ENABLE_APP_SANDBOX = NO;
				ENABLE_HARDENED_RUNTIME = YES;
				ENABLE_RESOURCE_ACCESS_PHOTO_LIBRARY = NO;
				GENERATE_INFOPLIST_FILE = YES;
				INFOPLIST_KEY_NSHumanReadableCopyright = "";
				INFOPLIST_KEY_NSMainStoryboardFile = Main;
				INFOPLIST_KEY_NSPrincipalClass = NSApplication;
				LD_RUNPATH_SEARCH_PATHS = (
					"$(inherited)",
					"@executable_path/../Frameworks",
				);
				LIBRARY_SEARCH_PATHS = (
					"$(inherited)",
					"$(PROJECT_DIR)",
					/usr/local/lib,
				);
				MARKETING_VERSION = 1.0;
				PRODUCT_BUNDLE_IDENTIFIER = de.dirkwhoffmann.de.vMount;
				PRODUCT_NAME = "$(TARGET_NAME)";
				REGISTER_APP_GROUPS = YES;
				RUNTIME_EXCEPTION_ALLOW_DYLD_ENVIRONMENT_VARIABLES = NO;
				RUNTIME_EXCEPTION_ALLOW_JIT = NO;
				RUNTIME_EXCEPTION_ALLOW_UNSIGNED_EXECUTABLE_MEMORY = NO;
				RUNTIME_EXCEPTION_DEBUGGING_TOOL = NO;
				RUNTIME_EXCEPTION_DISABLE_EXECUTABLE_PAGE_PROTECTION = NO;
				RUNTIME_EXCEPTION_DISABLE_LIBRARY_VALIDATION = YES;
				STRING_CATALOG_GENERATE_SYMBOLS = YES;
				SWIFT_APPROACHABLE_CONCURRENCY = YES;
				SWIFT_DEFAULT_ACTOR_ISOLATION = MainActor;
				SWIFT_EMIT_LOC_STRINGS = YES;
				SWIFT_OBJC_BRIDGING_HEADER = "ObjCProxy/Bridging-Header.h";
				SWIFT_UPCOMING_FEATURE_MEMBER_IMPORT_VISIBILITY = YES;
				SWIFT_VERSION = 5.0;
			};
			name = Release;
		};
/* End XCBuildConfiguration section */

/* Begin XCConfigurationList section */
		504EA7B82ECE39E8008CF9FC /* Build configuration list for PBXProject "vMount" */ = {
			isa = XCConfigurationList;
			buildConfigurations = (
				504EA7C92ECE39E9008CF9FC /* Debug */,
				504EA7CA2ECE39E9008CF9FC /* Release */,
			);
			defaultConfigurationIsVisible = 0;
			defaultConfigurationName = Release;
		};
		504EA7CB2ECE39E9008CF9FC /* Build configuration list for PBXNativeTarget "vMount" */ = {
			isa = XCConfigurationList;
			buildConfigurations = (
				504EA7CC2ECE39E9008CF9FC /* Debug */,
				504EA7CD2ECE39E9008CF9FC /* Release */,
			);
			defaultConfigurationIsVisible = 0;
			defaultConfigurationName = Release;
		};
/* End XCConfigurationList section */
	};
	rootObject = 504EA7B52ECE39E8008CF9FC /* Project object */;
}
