// !$*UTF8*$!
{
	archiveVersion = 1;
	classes = {
	};
	objectVersion = 77;
	objects = {

/* Begin PBXBuildFile section */
		504EAD252ECF00CE008CF9FC /* EmulatorProxy.mm in Sources */ = {isa = PBXBuildFile; fileRef = 504EAD212ECF00CE008CF9FC /* EmulatorProxy.mm */; };
		504EAD262ECF00CE008CF9FC /* TypeExtensions.swift in Sources */ = {isa = PBXBuildFile; fileRef = 504EAD232ECF00CE008CF9FC /* TypeExtensions.swift */; };
		504EAD272ECF00CE008CF9FC /* ProxyExtensions.swift in Sources */ = {isa = PBXBuildFile; fileRef = 504EAD222ECF00CE008CF9FC /* ProxyExtensions.swift */; };
		504EAD2D2ECF0266008CF9FC /* FuseFileSystem.cpp in Sources */ = {isa = PBXBuildFile; fileRef = 504EAD2C2ECF0263008CF9FC /* FuseFileSystem.cpp */; };
		507724952ECF26F800DB04C5 /* libfuse.2.dylib in Frameworks */ = {isa = PBXBuildFile; fileRef = 507724942ECF26BF00DB04C5 /* libfuse.2.dylib */; };
		507724962ECF2FA300DB04C5 /* libfuse.2.dylib in Embed Libraries */ = {isa = PBXBuildFile; fileRef = 507724942ECF26BF00DB04C5 /* libfuse.2.dylib */; settings = {ATTRIBUTES = (CodeSignOnCopy, ); }; };
		5077249F2ECFA78E00DB04C5 /* FuseDebug.cpp in Sources */ = {isa = PBXBuildFile; fileRef = 5077249E2ECFA78D00DB04C5 /* FuseDebug.cpp */; };
		507724A62ED0843800DB04C5 /* AmigaVolume.cpp in Sources */ = {isa = PBXBuildFile; fileRef = 507724A52ED0843700DB04C5 /* AmigaVolume.cpp */; };
		50BCBDCB2EE87447000C53CF /* config.cpp in Sources */ = {isa = PBXBuildFile; fileRef = 50BCBDCA2EE87447000C53CF /* config.cpp */; };
		50BCBDFA2EEBF79B000C53CF /* AmigaDevice.cpp in Sources */ = {isa = PBXBuildFile; fileRef = 50BCBDF92EEBF798000C53CF /* AmigaDevice.cpp */; };
		50F152472EFAEB37002DDAC7 /* lz4.c in Sources */ = {isa = PBXBuildFile; fileRef = 50F152432EFAEB37002DDAC7 /* lz4.c */; };
		50F152482EFAEB37002DDAC7 /* Buffer.cpp in Sources */ = {isa = PBXBuildFile; fileRef = 50F152392EFAEB37002DDAC7 /* Buffer.cpp */; };
		50F152492EFAEB37002DDAC7 /* Loggable.cpp in Sources */ = {isa = PBXBuildFile; fileRef = 50F1522E2EFAEB37002DDAC7 /* Loggable.cpp */; };
		50F1524A2EFAEB37002DDAC7 /* Clock.cpp in Sources */ = {isa = PBXBuildFile; fileRef = 50F152332EFAEB37002DDAC7 /* Clock.cpp */; };
		50F1524B2EFAEB37002DDAC7 /* Streams.cpp in Sources */ = {isa = PBXBuildFile; fileRef = 50F1523D2EFAEB37002DDAC7 /* Streams.cpp */; };
		50F1524C2EFAEB37002DDAC7 /* Parser.cpp in Sources */ = {isa = PBXBuildFile; fileRef = 50F152372EFAEB37002DDAC7 /* Parser.cpp */; };
		50F1524D2EFAEB37002DDAC7 /* Files.cpp in Sources */ = {isa = PBXBuildFile; fileRef = 50F1523C2EFAEB37002DDAC7 /* Files.cpp */; };
		50F1524E2EFAEB37002DDAC7 /* Bits.cpp in Sources */ = {isa = PBXBuildFile; fileRef = 50F1523B2EFAEB37002DDAC7 /* Bits.cpp */; };
		50F1524F2EFAEB37002DDAC7 /* Dumpable.cpp in Sources */ = {isa = PBXBuildFile; fileRef = 50F1522C2EFAEB37002DDAC7 /* Dumpable.cpp */; };
		50F152502EFAEB37002DDAC7 /* Formatter.cpp in Sources */ = {isa = PBXBuildFile; fileRef = 50F152362EFAEB37002DDAC7 /* Formatter.cpp */; };
		50F152512EFAEB37002DDAC7 /* Strings.cpp in Sources */ = {isa = PBXBuildFile; fileRef = 50F1523E2EFAEB37002DDAC7 /* Strings.cpp */; };
		50F152522EFAEB37002DDAC7 /* Time.cpp in Sources */ = {isa = PBXBuildFile; fileRef = 50F152342EFAEB37002DDAC7 /* Time.cpp */; };
		50F152532EFAEB37002DDAC7 /* Reportable.cpp in Sources */ = {isa = PBXBuildFile; fileRef = 50F152302EFAEB37002DDAC7 /* Reportable.cpp */; };
		50F152542EFAEB37002DDAC7 /* Compressible.cpp in Sources */ = {isa = PBXBuildFile; fileRef = 50F1522B2EFAEB37002DDAC7 /* Compressible.cpp */; };
		50F152552EFAEB37002DDAC7 /* Wakeable.cpp in Sources */ = {isa = PBXBuildFile; fileRef = 50F152312EFAEB37002DDAC7 /* Wakeable.cpp */; };
		50F152562EFAEB37002DDAC7 /* Hashable.cpp in Sources */ = {isa = PBXBuildFile; fileRef = 50F1522D2EFAEB37002DDAC7 /* Hashable.cpp */; };
		50F152572EFAEB37002DDAC7 /* Reflectable.cpp in Sources */ = {isa = PBXBuildFile; fileRef = 50F1522F2EFAEB37002DDAC7 /* Reflectable.cpp */; };
		50F152592EFAEB37002DDAC7 /* CMakeLists.txt in Resources */ = {isa = PBXBuildFile; fileRef = 50F151F52EFAEB37002DDAC7 /* CMakeLists.txt */; };
		50F153012EFAEB4E002DDAC7 /* FSImporter.cpp in Sources */ = {isa = PBXBuildFile; fileRef = 50F1527C2EFAEB4E002DDAC7 /* FSImporter.cpp */; };
		50F153022EFAEB4E002DDAC7 /* FSContract.cpp in Sources */ = {isa = PBXBuildFile; fileRef = 50F152722EFAEB4E002DDAC7 /* FSContract.cpp */; };
		50F153032EFAEB4E002DDAC7 /* BlockVolume.cpp in Sources */ = {isa = PBXBuildFile; fileRef = 50F1525F2EFAEB4E002DDAC7 /* BlockVolume.cpp */; };
		50F153042EFAEB4E002DDAC7 /* IMGFile.cpp in Sources */ = {isa = PBXBuildFile; fileRef = 50F152C22EFAEB4E002DDAC7 /* IMGFile.cpp */; };
		50F153062EFAEB4E002DDAC7 /* HDZFile.cpp in Sources */ = {isa = PBXBuildFile; fileRef = 50F152BA2EFAEB4E002DDAC7 /* HDZFile.cpp */; };
		50F153072EFAEB4E002DDAC7 /* FSTree.cpp in Sources */ = {isa = PBXBuildFile; fileRef = 50F152822EFAEB4E002DDAC7 /* FSTree.cpp */; };
		50F153082EFAEB4E002DDAC7 /* ADZFile.cpp in Sources */ = {isa = PBXBuildFile; fileRef = 50F152942EFAEB4E002DDAC7 /* ADZFile.cpp */; };
		50F1530B2EFAEB4E002DDAC7 /* DeviceError.cpp in Sources */ = {isa = PBXBuildFile; fileRef = 50F152EE2EFAEB4E002DDAC7 /* DeviceError.cpp */; };
		50F1530C2EFAEB4E002DDAC7 /* FSDescriptor.cpp in Sources */ = {isa = PBXBuildFile; fileRef = 50F152742EFAEB4E002DDAC7 /* FSDescriptor.cpp */; };
		50F1530D2EFAEB4E002DDAC7 /* FSDoctor.cpp in Sources */ = {isa = PBXBuildFile; fileRef = 50F152762EFAEB4E002DDAC7 /* FSDoctor.cpp */; };
		50F1530F2EFAEB4E002DDAC7 /* ADFFile.cpp in Sources */ = {isa = PBXBuildFile; fileRef = 50F1528C2EFAEB4E002DDAC7 /* ADFFile.cpp */; };
		50F153112EFAEB4E002DDAC7 /* FSError.cpp in Sources */ = {isa = PBXBuildFile; fileRef = 50F152782EFAEB4E002DDAC7 /* FSError.cpp */; };
		50F153142EFAEB4E002DDAC7 /* FloppyFile.cpp in Sources */ = {isa = PBXBuildFile; fileRef = 50F152DC2EFAEB4E002DDAC7 /* FloppyFile.cpp */; };
		50F153182EFAEB4E002DDAC7 /* STFile.cpp in Sources */ = {isa = PBXBuildFile; fileRef = 50F152D12EFAEB4E002DDAC7 /* STFile.cpp */; };
		50F153192EFAEB4E002DDAC7 /* MediaFile.cpp in Sources */ = {isa = PBXBuildFile; fileRef = 50F152E12EFAEB4E002DDAC7 /* MediaFile.cpp */; };
		50F1531B2EFAEB4E002DDAC7 /* FileSystemLayer2.cpp in Sources */ = {isa = PBXBuildFile; fileRef = 50F152692EFAEB4E002DDAC7 /* FileSystemLayer2.cpp */; };
		50F1531C2EFAEB4E002DDAC7 /* AnyFile.cpp in Sources */ = {isa = PBXBuildFile; fileRef = 50F152D42EFAEB4E002DDAC7 /* AnyFile.cpp */; };
		50F1531D2EFAEB4E002DDAC7 /* FSCache.cpp in Sources */ = {isa = PBXBuildFile; fileRef = 50F152702EFAEB4E002DDAC7 /* FSCache.cpp */; };
		50F1531E2EFAEB4E002DDAC7 /* FloppyFactory.cpp in Sources */ = {isa = PBXBuildFile; fileRef = 50F152DA2EFAEB4E002DDAC7 /* FloppyFactory.cpp */; };
		50F1531F2EFAEB4E002DDAC7 /* FSExporter.cpp in Sources */ = {isa = PBXBuildFile; fileRef = 50F1527A2EFAEB4E002DDAC7 /* FSExporter.cpp */; };
		50F153202EFAEB4E002DDAC7 /* BlockView.cpp in Sources */ = {isa = PBXBuildFile; fileRef = 50F1525D2EFAEB4E002DDAC7 /* BlockView.cpp */; };
		50F153212EFAEB4E002DDAC7 /* PosixFileSystem.cpp in Sources */ = {isa = PBXBuildFile; fileRef = 50F152852EFAEB4E002DDAC7 /* PosixFileSystem.cpp */; };
		50F153222EFAEB4E002DDAC7 /* FSAllocator.cpp in Sources */ = {isa = PBXBuildFile; fileRef = 50F1526C2EFAEB4E002DDAC7 /* FSAllocator.cpp */; };
		50F153242EFAEB4E002DDAC7 /* FSService.cpp in Sources */ = {isa = PBXBuildFile; fileRef = 50F152802EFAEB4E002DDAC7 /* FSService.cpp */; };
		50F153252EFAEB4E002DDAC7 /* FileSystemLayer3.cpp in Sources */ = {isa = PBXBuildFile; fileRef = 50F1526A2EFAEB4E002DDAC7 /* FileSystemLayer3.cpp */; };
		50F153272EFAEB4E002DDAC7 /* MediaError.cpp in Sources */ = {isa = PBXBuildFile; fileRef = 50F152DF2EFAEB4E002DDAC7 /* MediaError.cpp */; };
		50F153292EFAEB4E002DDAC7 /* HDFFile.cpp in Sources */ = {isa = PBXBuildFile; fileRef = 50F152B32EFAEB4E002DDAC7 /* HDFFile.cpp */; };
		50F1532A2EFAEB4E002DDAC7 /* FSObjects.cpp in Sources */ = {isa = PBXBuildFile; fileRef = 50F1527E2EFAEB4E002DDAC7 /* FSObjects.cpp */; };
		50F1532C2EFAEB4E002DDAC7 /* FileSystem.cpp in Sources */ = {isa = PBXBuildFile; fileRef = 50F152672EFAEB4E002DDAC7 /* FileSystem.cpp */; };
		50F1532D2EFAEB4E002DDAC7 /* FSBlock.cpp in Sources */ = {isa = PBXBuildFile; fileRef = 50F1526E2EFAEB4E002DDAC7 /* FSBlock.cpp */; };
		50F153302EFAEB4E002DDAC7 /* DiskFile.cpp in Sources */ = {isa = PBXBuildFile; fileRef = 50F152D72EFAEB4E002DDAC7 /* DiskFile.cpp */; };
		50F153322EFAEB4E002DDAC7 /* BlockDevice.cpp in Sources */ = {isa = PBXBuildFile; fileRef = 50F1525B2EFAEB4E002DDAC7 /* BlockDevice.cpp */; };
		50F153332EFAEB4E002DDAC7 /* FileSystemLayer1.cpp in Sources */ = {isa = PBXBuildFile; fileRef = 50F152682EFAEB4E002DDAC7 /* FileSystemLayer1.cpp */; };
		50F153362EFAEB4E002DDAC7 /* DeviceDescriptors.cpp in Sources */ = {isa = PBXBuildFile; fileRef = 50F152EC2EFAEB4E002DDAC7 /* DeviceDescriptors.cpp */; };
		50F153372EFAEB4E002DDAC7 /* BootBlockImage.cpp in Sources */ = {isa = PBXBuildFile; fileRef = 50F152642EFAEB4E002DDAC7 /* BootBlockImage.cpp */; };
/* End PBXBuildFile section */

/* Begin PBXCopyFilesBuildPhase section */
		504EAD3F2ECF14AA008CF9FC /* Embed Libraries */ = {
			isa = PBXCopyFilesBuildPhase;
			buildActionMask = 2147483647;
			dstPath = "";
			dstSubfolderSpec = 10;
			files = (
				507724962ECF2FA300DB04C5 /* libfuse.2.dylib in Embed Libraries */,
			);
			name = "Embed Libraries";
			runOnlyForDeploymentPostprocessing = 0;
		};
/* End PBXCopyFilesBuildPhase section */

/* Begin PBXFileReference section */
		504EA7BD2ECE39E8008CF9FC /* RetroMount.app */ = {isa = PBXFileReference; explicitFileType = wrapper.application; includeInIndex = 0; path = RetroMount.app; sourceTree = BUILT_PRODUCTS_DIR; };
		504EAD1F2ECF00CE008CF9FC /* Bridging-Header.h */ = {isa = PBXFileReference; lastKnownFileType = sourcecode.c.h; path = "Bridging-Header.h"; sourceTree = "<group>"; };
		504EAD202ECF00CE008CF9FC /* EmulatorProxy.h */ = {isa = PBXFileReference; lastKnownFileType = sourcecode.c.h; path = EmulatorProxy.h; sourceTree = "<group>"; };
		504EAD212ECF00CE008CF9FC /* EmulatorProxy.mm */ = {isa = PBXFileReference; lastKnownFileType = sourcecode.cpp.objcpp; path = EmulatorProxy.mm; sourceTree = "<group>"; };
		504EAD222ECF00CE008CF9FC /* ProxyExtensions.swift */ = {isa = PBXFileReference; lastKnownFileType = sourcecode.swift; path = ProxyExtensions.swift; sourceTree = "<group>"; };
		504EAD232ECF00CE008CF9FC /* TypeExtensions.swift */ = {isa = PBXFileReference; lastKnownFileType = sourcecode.swift; path = TypeExtensions.swift; sourceTree = "<group>"; };
		504EAD2A2ECF024E008CF9FC /* FuseFileSystem.h */ = {isa = PBXFileReference; lastKnownFileType = sourcecode.c.h; path = FuseFileSystem.h; sourceTree = "<group>"; };
		504EAD2C2ECF0263008CF9FC /* FuseFileSystem.cpp */ = {isa = PBXFileReference; lastKnownFileType = sourcecode.cpp.cpp; path = FuseFileSystem.cpp; sourceTree = "<group>"; };
		50559ADE2ED870190001AEEF /* FuseFileSystemTypes.h */ = {isa = PBXFileReference; lastKnownFileType = sourcecode.c.h; path = FuseFileSystemTypes.h; sourceTree = "<group>"; };
		507724942ECF26BF00DB04C5 /* libfuse.2.dylib */ = {isa = PBXFileReference; lastKnownFileType = "compiled.mach-o.dylib"; name = libfuse.2.dylib; path = /usr/local/lib/libfuse.2.dylib; sourceTree = "<absolute>"; };
		5077249C2ECF8BC000DB04C5 /* FuseAPI.h */ = {isa = PBXFileReference; lastKnownFileType = sourcecode.c.h; path = FuseAPI.h; sourceTree = "<group>"; };
		5077249D2ECFA78500DB04C5 /* FuseDebug.h */ = {isa = PBXFileReference; lastKnownFileType = sourcecode.c.h; path = FuseDebug.h; sourceTree = "<group>"; };
		5077249E2ECFA78D00DB04C5 /* FuseDebug.cpp */ = {isa = PBXFileReference; lastKnownFileType = sourcecode.cpp.cpp; path = FuseDebug.cpp; sourceTree = "<group>"; };
		507724A42ED0841B00DB04C5 /* AmigaVolume.h */ = {isa = PBXFileReference; lastKnownFileType = sourcecode.c.h; path = AmigaVolume.h; sourceTree = "<group>"; };
		507724A52ED0843700DB04C5 /* AmigaVolume.cpp */ = {isa = PBXFileReference; lastKnownFileType = sourcecode.cpp.cpp; path = AmigaVolume.cpp; sourceTree = "<group>"; };
		50BCBDC22EE866B0000C53CF /* config.h */ = {isa = PBXFileReference; lastKnownFileType = sourcecode.c.h; path = config.h; sourceTree = "<group>"; };
		50BCBDCA2EE87447000C53CF /* config.cpp */ = {isa = PBXFileReference; lastKnownFileType = sourcecode.cpp.cpp; path = config.cpp; sourceTree = "<group>"; };
		50BCBDF82EEBF791000C53CF /* AmigaDevice.h */ = {isa = PBXFileReference; lastKnownFileType = sourcecode.c.h; path = AmigaDevice.h; sourceTree = "<group>"; };
		50BCBDF92EEBF798000C53CF /* AmigaDevice.cpp */ = {isa = PBXFileReference; lastKnownFileType = sourcecode.cpp.cpp; path = AmigaDevice.cpp; sourceTree = "<group>"; };
		50F151F52EFAEB37002DDAC7 /* CMakeLists.txt */ = {isa = PBXFileReference; lastKnownFileType = text; path = CMakeLists.txt; sourceTree = "<group>"; };
		50F151F62EFAEB37002DDAC7 /* Compressible.h */ = {isa = PBXFileReference; lastKnownFileType = sourcecode.c.h; path = Compressible.h; sourceTree = "<group>"; };
		50F151F72EFAEB37002DDAC7 /* Dumpable.h */ = {isa = PBXFileReference; lastKnownFileType = sourcecode.c.h; path = Dumpable.h; sourceTree = "<group>"; };
		50F151F82EFAEB37002DDAC7 /* Hashable.h */ = {isa = PBXFileReference; lastKnownFileType = sourcecode.c.h; path = Hashable.h; sourceTree = "<group>"; };
		50F151F92EFAEB37002DDAC7 /* Loggable.h */ = {isa = PBXFileReference; lastKnownFileType = sourcecode.c.h; path = Loggable.h; sourceTree = "<group>"; };
		50F151FA2EFAEB37002DDAC7 /* Reflectable.h */ = {isa = PBXFileReference; lastKnownFileType = sourcecode.c.h; path = Reflectable.h; sourceTree = "<group>"; };
		50F151FB2EFAEB37002DDAC7 /* Reportable.h */ = {isa = PBXFileReference; lastKnownFileType = sourcecode.c.h; path = Reportable.h; sourceTree = "<group>"; };
		50F151FC2EFAEB37002DDAC7 /* Synchronizable.h */ = {isa = PBXFileReference; lastKnownFileType = sourcecode.c.h; path = Synchronizable.h; sourceTree = "<group>"; };
		50F151FD2EFAEB37002DDAC7 /* Wakeable.h */ = {isa = PBXFileReference; lastKnownFileType = sourcecode.c.h; path = Wakeable.h; sourceTree = "<group>"; };
		50F151FF2EFAEB37002DDAC7 /* Clock.h */ = {isa = PBXFileReference; lastKnownFileType = sourcecode.c.h; path = Clock.h; sourceTree = "<group>"; };
		50F152002EFAEB37002DDAC7 /* Time.h */ = {isa = PBXFileReference; lastKnownFileType = sourcecode.c.h; path = Time.h; sourceTree = "<group>"; };
		50F152022EFAEB37002DDAC7 /* AutoMutex.h */ = {isa = PBXFileReference; lastKnownFileType = sourcecode.c.h; path = AutoMutex.h; sourceTree = "<group>"; };
		50F152032EFAEB37002DDAC7 /* ReentrantMutex.h */ = {isa = PBXFileReference; lastKnownFileType = sourcecode.c.h; path = ReentrantMutex.h; sourceTree = "<group>"; };
		50F152052EFAEB37002DDAC7 /* Files.h */ = {isa = PBXFileReference; lastKnownFileType = sourcecode.c.h; path = Files.h; sourceTree = "<group>"; };
		50F152062EFAEB37002DDAC7 /* Formatter.h */ = {isa = PBXFileReference; lastKnownFileType = sourcecode.c.h; path = Formatter.h; sourceTree = "<group>"; };
		50F152072EFAEB37002DDAC7 /* IOError.h */ = {isa = PBXFileReference; lastKnownFileType = sourcecode.c.h; path = IOError.h; sourceTree = "<group>"; };
		50F152082EFAEB37002DDAC7 /* ParseError.h */ = {isa = PBXFileReference; lastKnownFileType = sourcecode.c.h; path = ParseError.h; sourceTree = "<group>"; };
		50F152092EFAEB37002DDAC7 /* Parser.h */ = {isa = PBXFileReference; lastKnownFileType = sourcecode.c.h; path = Parser.h; sourceTree = "<group>"; };
		50F1520A2EFAEB37002DDAC7 /* Streams.h */ = {isa = PBXFileReference; lastKnownFileType = sourcecode.c.h; path = Streams.h; sourceTree = "<group>"; };
		50F1520C2EFAEB37002DDAC7 /* Range.h */ = {isa = PBXFileReference; lastKnownFileType = sourcecode.c.h; path = Range.h; sourceTree = "<group>"; };
		50F1520E2EFAEB37002DDAC7 /* Buffer.h */ = {isa = PBXFileReference; lastKnownFileType = sourcecode.c.h; path = Buffer.h; sourceTree = "<group>"; };
		50F1520F2EFAEB37002DDAC7 /* Mailbox.h */ = {isa = PBXFileReference; lastKnownFileType = sourcecode.c.h; path = Mailbox.h; sourceTree = "<group>"; };
		50F152102EFAEB37002DDAC7 /* RingBuffer.h */ = {isa = PBXFileReference; lastKnownFileType = sourcecode.c.h; path = RingBuffer.h; sourceTree = "<group>"; };
		50F152122EFAEB37002DDAC7 /* Bits.h */ = {isa = PBXFileReference; lastKnownFileType = sourcecode.c.h; path = Bits.h; sourceTree = "<group>"; };
		50F152132EFAEB37002DDAC7 /* Strings.h */ = {isa = PBXFileReference; lastKnownFileType = sourcecode.c.h; path = Strings.h; sourceTree = "<group>"; };
		50F152152EFAEB37002DDAC7 /* Exception.h */ = {isa = PBXFileReference; lastKnownFileType = sourcecode.c.h; path = Exception.h; sourceTree = "<group>"; };
		50F152162EFAEB37002DDAC7 /* Integers.h */ = {isa = PBXFileReference; lastKnownFileType = sourcecode.c.h; path = Integers.h; sourceTree = "<group>"; };
		50F152172EFAEB37002DDAC7 /* Literals.h */ = {isa = PBXFileReference; lastKnownFileType = sourcecode.c.h; path = Literals.h; sourceTree = "<group>"; };
		50F152192EFAEB37002DDAC7 /* Animated.h */ = {isa = PBXFileReference; lastKnownFileType = sourcecode.c.h; path = Animated.h; sourceTree = "<group>"; };
		50F1521A2EFAEB37002DDAC7 /* Backed.h */ = {isa = PBXFileReference; lastKnownFileType = sourcecode.c.h; path = Backed.h; sourceTree = "<group>"; };
		50F1521B2EFAEB37002DDAC7 /* Cached.h */ = {isa = PBXFileReference; lastKnownFileType = sourcecode.c.h; path = Cached.h; sourceTree = "<group>"; };
		50F1521C2EFAEB37002DDAC7 /* Memorized.h */ = {isa = PBXFileReference; lastKnownFileType = sourcecode.c.h; path = Memorized.h; sourceTree = "<group>"; };
		50F1521E2EFAEB37002DDAC7 /* abilities.h */ = {isa = PBXFileReference; lastKnownFileType = sourcecode.c.h; path = abilities.h; sourceTree = "<group>"; };
		50F1521F2EFAEB37002DDAC7 /* chrono.h */ = {isa = PBXFileReference; lastKnownFileType = sourcecode.c.h; path = chrono.h; sourceTree = "<group>"; };
		50F152202EFAEB37002DDAC7 /* common.h */ = {isa = PBXFileReference; lastKnownFileType = sourcecode.c.h; path = common.h; sourceTree = "<group>"; };
		50F152212EFAEB37002DDAC7 /* concurrency.h */ = {isa = PBXFileReference; lastKnownFileType = sourcecode.c.h; path = concurrency.h; sourceTree = "<group>"; };
		50F152222EFAEB37002DDAC7 /* hints.h */ = {isa = PBXFileReference; lastKnownFileType = sourcecode.c.h; path = hints.h; sourceTree = "<group>"; };
		50F152232EFAEB37002DDAC7 /* io.h */ = {isa = PBXFileReference; lastKnownFileType = sourcecode.c.h; path = io.h; sourceTree = "<group>"; };
		50F152242EFAEB37002DDAC7 /* primitives.h */ = {isa = PBXFileReference; lastKnownFileType = sourcecode.c.h; path = primitives.h; sourceTree = "<group>"; };
		50F152252EFAEB37002DDAC7 /* storage.h */ = {isa = PBXFileReference; lastKnownFileType = sourcecode.c.h; path = storage.h; sourceTree = "<group>"; };
		50F152262EFAEB37002DDAC7 /* support.h */ = {isa = PBXFileReference; lastKnownFileType = sourcecode.c.h; path = support.h; sourceTree = "<group>"; };
		50F152272EFAEB37002DDAC7 /* types.h */ = {isa = PBXFileReference; lastKnownFileType = sourcecode.c.h; path = types.h; sourceTree = "<group>"; };
		50F152282EFAEB37002DDAC7 /* wrappers.h */ = {isa = PBXFileReference; lastKnownFileType = sourcecode.c.h; path = wrappers.h; sourceTree = "<group>"; };
		50F1522B2EFAEB37002DDAC7 /* Compressible.cpp */ = {isa = PBXFileReference; lastKnownFileType = sourcecode.cpp.cpp; path = Compressible.cpp; sourceTree = "<group>"; };
		50F1522C2EFAEB37002DDAC7 /* Dumpable.cpp */ = {isa = PBXFileReference; lastKnownFileType = sourcecode.cpp.cpp; path = Dumpable.cpp; sourceTree = "<group>"; };
		50F1522D2EFAEB37002DDAC7 /* Hashable.cpp */ = {isa = PBXFileReference; lastKnownFileType = sourcecode.cpp.cpp; path = Hashable.cpp; sourceTree = "<group>"; };
		50F1522E2EFAEB37002DDAC7 /* Loggable.cpp */ = {isa = PBXFileReference; lastKnownFileType = sourcecode.cpp.cpp; path = Loggable.cpp; sourceTree = "<group>"; };
		50F1522F2EFAEB37002DDAC7 /* Reflectable.cpp */ = {isa = PBXFileReference; lastKnownFileType = sourcecode.cpp.cpp; path = Reflectable.cpp; sourceTree = "<group>"; };
		50F152302EFAEB37002DDAC7 /* Reportable.cpp */ = {isa = PBXFileReference; lastKnownFileType = sourcecode.cpp.cpp; path = Reportable.cpp; sourceTree = "<group>"; };
		50F152312EFAEB37002DDAC7 /* Wakeable.cpp */ = {isa = PBXFileReference; lastKnownFileType = sourcecode.cpp.cpp; path = Wakeable.cpp; sourceTree = "<group>"; };
		50F152332EFAEB37002DDAC7 /* Clock.cpp */ = {isa = PBXFileReference; lastKnownFileType = sourcecode.cpp.cpp; path = Clock.cpp; sourceTree = "<group>"; };
		50F152342EFAEB37002DDAC7 /* Time.cpp */ = {isa = PBXFileReference; lastKnownFileType = sourcecode.cpp.cpp; path = Time.cpp; sourceTree = "<group>"; };
		50F152362EFAEB37002DDAC7 /* Formatter.cpp */ = {isa = PBXFileReference; lastKnownFileType = sourcecode.cpp.cpp; path = Formatter.cpp; sourceTree = "<group>"; };
		50F152372EFAEB37002DDAC7 /* Parser.cpp */ = {isa = PBXFileReference; lastKnownFileType = sourcecode.cpp.cpp; path = Parser.cpp; sourceTree = "<group>"; };
		50F152392EFAEB37002DDAC7 /* Buffer.cpp */ = {isa = PBXFileReference; lastKnownFileType = sourcecode.cpp.cpp; path = Buffer.cpp; sourceTree = "<group>"; };
		50F1523B2EFAEB37002DDAC7 /* Bits.cpp */ = {isa = PBXFileReference; lastKnownFileType = sourcecode.cpp.cpp; path = Bits.cpp; sourceTree = "<group>"; };
		50F1523C2EFAEB37002DDAC7 /* Files.cpp */ = {isa = PBXFileReference; lastKnownFileType = sourcecode.cpp.cpp; path = Files.cpp; sourceTree = "<group>"; };
		50F1523D2EFAEB37002DDAC7 /* Streams.cpp */ = {isa = PBXFileReference; lastKnownFileType = sourcecode.cpp.cpp; path = Streams.cpp; sourceTree = "<group>"; };
		50F1523E2EFAEB37002DDAC7 /* Strings.cpp */ = {isa = PBXFileReference; lastKnownFileType = sourcecode.cpp.cpp; path = Strings.cpp; sourceTree = "<group>"; };
		50F152422EFAEB37002DDAC7 /* lz4.h */ = {isa = PBXFileReference; lastKnownFileType = sourcecode.c.h; path = lz4.h; sourceTree = "<group>"; };
		50F152432EFAEB37002DDAC7 /* lz4.c */ = {isa = PBXFileReference; lastKnownFileType = sourcecode.c.c; path = lz4.c; sourceTree = "<group>"; };
		50F152452EFAEB37002DDAC7 /* CMakeLists.txt */ = {isa = PBXFileReference; lastKnownFileType = text; path = CMakeLists.txt; sourceTree = "<group>"; };
		50F1525A2EFAEB4E002DDAC7 /* BlockDevice.h */ = {isa = PBXFileReference; lastKnownFileType = sourcecode.c.h; path = BlockDevice.h; sourceTree = "<group>"; };
		50F1525B2EFAEB4E002DDAC7 /* BlockDevice.cpp */ = {isa = PBXFileReference; lastKnownFileType = sourcecode.cpp.cpp; path = BlockDevice.cpp; sourceTree = "<group>"; };
		50F1525C2EFAEB4E002DDAC7 /* BlockView.h */ = {isa = PBXFileReference; lastKnownFileType = sourcecode.c.h; path = BlockView.h; sourceTree = "<group>"; };
		50F1525D2EFAEB4E002DDAC7 /* BlockView.cpp */ = {isa = PBXFileReference; lastKnownFileType = sourcecode.cpp.cpp; path = BlockView.cpp; sourceTree = "<group>"; };
		50F1525E2EFAEB4E002DDAC7 /* BlockVolume.h */ = {isa = PBXFileReference; lastKnownFileType = sourcecode.c.h; path = BlockVolume.h; sourceTree = "<group>"; };
		50F1525F2EFAEB4E002DDAC7 /* BlockVolume.cpp */ = {isa = PBXFileReference; lastKnownFileType = sourcecode.cpp.cpp; path = BlockVolume.cpp; sourceTree = "<group>"; };
		50F152602EFAEB4E002DDAC7 /* CMakeLists.txt */ = {isa = PBXFileReference; lastKnownFileType = text; path = CMakeLists.txt; sourceTree = "<group>"; };
		50F152632EFAEB4E002DDAC7 /* BootBlockImage.h */ = {isa = PBXFileReference; lastKnownFileType = sourcecode.c.h; path = BootBlockImage.h; sourceTree = "<group>"; };
		50F152642EFAEB4E002DDAC7 /* BootBlockImage.cpp */ = {isa = PBXFileReference; lastKnownFileType = sourcecode.cpp.cpp; path = BootBlockImage.cpp; sourceTree = "<group>"; };
		50F152652EFAEB4E002DDAC7 /* CMakeLists.txt */ = {isa = PBXFileReference; lastKnownFileType = text; path = CMakeLists.txt; sourceTree = "<group>"; };
		50F152662EFAEB4E002DDAC7 /* FileSystem.h */ = {isa = PBXFileReference; lastKnownFileType = sourcecode.c.h; path = FileSystem.h; sourceTree = "<group>"; };
		50F152672EFAEB4E002DDAC7 /* FileSystem.cpp */ = {isa = PBXFileReference; lastKnownFileType = sourcecode.cpp.cpp; path = FileSystem.cpp; sourceTree = "<group>"; };
		50F152682EFAEB4E002DDAC7 /* FileSystemLayer1.cpp */ = {isa = PBXFileReference; lastKnownFileType = sourcecode.cpp.cpp; path = FileSystemLayer1.cpp; sourceTree = "<group>"; };
		50F152692EFAEB4E002DDAC7 /* FileSystemLayer2.cpp */ = {isa = PBXFileReference; lastKnownFileType = sourcecode.cpp.cpp; path = FileSystemLayer2.cpp; sourceTree = "<group>"; };
		50F1526A2EFAEB4E002DDAC7 /* FileSystemLayer3.cpp */ = {isa = PBXFileReference; lastKnownFileType = sourcecode.cpp.cpp; path = FileSystemLayer3.cpp; sourceTree = "<group>"; };
		50F1526B2EFAEB4E002DDAC7 /* FSAllocator.h */ = {isa = PBXFileReference; lastKnownFileType = sourcecode.c.h; path = FSAllocator.h; sourceTree = "<group>"; };
		50F1526C2EFAEB4E002DDAC7 /* FSAllocator.cpp */ = {isa = PBXFileReference; lastKnownFileType = sourcecode.cpp.cpp; path = FSAllocator.cpp; sourceTree = "<group>"; };
		50F1526D2EFAEB4E002DDAC7 /* FSBlock.h */ = {isa = PBXFileReference; lastKnownFileType = sourcecode.c.h; path = FSBlock.h; sourceTree = "<group>"; };
		50F1526E2EFAEB4E002DDAC7 /* FSBlock.cpp */ = {isa = PBXFileReference; lastKnownFileType = sourcecode.cpp.cpp; path = FSBlock.cpp; sourceTree = "<group>"; };
		50F1526F2EFAEB4E002DDAC7 /* FSCache.h */ = {isa = PBXFileReference; lastKnownFileType = sourcecode.c.h; path = FSCache.h; sourceTree = "<group>"; };
		50F152702EFAEB4E002DDAC7 /* FSCache.cpp */ = {isa = PBXFileReference; lastKnownFileType = sourcecode.cpp.cpp; path = FSCache.cpp; sourceTree = "<group>"; };
		50F152712EFAEB4E002DDAC7 /* FSContract.h */ = {isa = PBXFileReference; lastKnownFileType = sourcecode.c.h; path = FSContract.h; sourceTree = "<group>"; };
		50F152722EFAEB4E002DDAC7 /* FSContract.cpp */ = {isa = PBXFileReference; lastKnownFileType = sourcecode.cpp.cpp; path = FSContract.cpp; sourceTree = "<group>"; };
		50F152732EFAEB4E002DDAC7 /* FSDescriptor.h */ = {isa = PBXFileReference; lastKnownFileType = sourcecode.c.h; path = FSDescriptor.h; sourceTree = "<group>"; };
		50F152742EFAEB4E002DDAC7 /* FSDescriptor.cpp */ = {isa = PBXFileReference; lastKnownFileType = sourcecode.cpp.cpp; path = FSDescriptor.cpp; sourceTree = "<group>"; };
		50F152752EFAEB4E002DDAC7 /* FSDoctor.h */ = {isa = PBXFileReference; lastKnownFileType = sourcecode.c.h; path = FSDoctor.h; sourceTree = "<group>"; };
		50F152762EFAEB4E002DDAC7 /* FSDoctor.cpp */ = {isa = PBXFileReference; lastKnownFileType = sourcecode.cpp.cpp; path = FSDoctor.cpp; sourceTree = "<group>"; };
		50F152772EFAEB4E002DDAC7 /* FSError.h */ = {isa = PBXFileReference; lastKnownFileType = sourcecode.c.h; path = FSError.h; sourceTree = "<group>"; };
		50F152782EFAEB4E002DDAC7 /* FSError.cpp */ = {isa = PBXFileReference; lastKnownFileType = sourcecode.cpp.cpp; path = FSError.cpp; sourceTree = "<group>"; };
		50F152792EFAEB4E002DDAC7 /* FSExporter.h */ = {isa = PBXFileReference; lastKnownFileType = sourcecode.c.h; path = FSExporter.h; sourceTree = "<group>"; };
		50F1527A2EFAEB4E002DDAC7 /* FSExporter.cpp */ = {isa = PBXFileReference; lastKnownFileType = sourcecode.cpp.cpp; path = FSExporter.cpp; sourceTree = "<group>"; };
		50F1527B2EFAEB4E002DDAC7 /* FSImporter.h */ = {isa = PBXFileReference; lastKnownFileType = sourcecode.c.h; path = FSImporter.h; sourceTree = "<group>"; };
		50F1527C2EFAEB4E002DDAC7 /* FSImporter.cpp */ = {isa = PBXFileReference; lastKnownFileType = sourcecode.cpp.cpp; path = FSImporter.cpp; sourceTree = "<group>"; };
		50F1527D2EFAEB4E002DDAC7 /* FSObjects.h */ = {isa = PBXFileReference; lastKnownFileType = sourcecode.c.h; path = FSObjects.h; sourceTree = "<group>"; };
		50F1527E2EFAEB4E002DDAC7 /* FSObjects.cpp */ = {isa = PBXFileReference; lastKnownFileType = sourcecode.cpp.cpp; path = FSObjects.cpp; sourceTree = "<group>"; };
		50F1527F2EFAEB4E002DDAC7 /* FSService.h */ = {isa = PBXFileReference; lastKnownFileType = sourcecode.c.h; path = FSService.h; sourceTree = "<group>"; };
		50F152802EFAEB4E002DDAC7 /* FSService.cpp */ = {isa = PBXFileReference; lastKnownFileType = sourcecode.cpp.cpp; path = FSService.cpp; sourceTree = "<group>"; };
		50F152812EFAEB4E002DDAC7 /* FSTree.h */ = {isa = PBXFileReference; lastKnownFileType = sourcecode.c.h; path = FSTree.h; sourceTree = "<group>"; };
		50F152822EFAEB4E002DDAC7 /* FSTree.cpp */ = {isa = PBXFileReference; lastKnownFileType = sourcecode.cpp.cpp; path = FSTree.cpp; sourceTree = "<group>"; };
		50F152832EFAEB4E002DDAC7 /* FSTypes.h */ = {isa = PBXFileReference; lastKnownFileType = sourcecode.c.h; path = FSTypes.h; sourceTree = "<group>"; };
		50F152842EFAEB4E002DDAC7 /* PosixFileSystem.h */ = {isa = PBXFileReference; lastKnownFileType = sourcecode.c.h; path = PosixFileSystem.h; sourceTree = "<group>"; };
		50F152852EFAEB4E002DDAC7 /* PosixFileSystem.cpp */ = {isa = PBXFileReference; lastKnownFileType = sourcecode.cpp.cpp; path = PosixFileSystem.cpp; sourceTree = "<group>"; };
		50F1528B2EFAEB4E002DDAC7 /* ADFFile.h */ = {isa = PBXFileReference; lastKnownFileType = sourcecode.c.h; path = ADFFile.h; sourceTree = "<group>"; };
		50F1528C2EFAEB4E002DDAC7 /* ADFFile.cpp */ = {isa = PBXFileReference; lastKnownFileType = sourcecode.cpp.cpp; path = ADFFile.cpp; sourceTree = "<group>"; };
		50F1528D2EFAEB4E002DDAC7 /* CMakeLists.txt */ = {isa = PBXFileReference; lastKnownFileType = text; path = CMakeLists.txt; sourceTree = "<group>"; };
		50F152932EFAEB4E002DDAC7 /* ADZFile.h */ = {isa = PBXFileReference; lastKnownFileType = sourcecode.c.h; path = ADZFile.h; sourceTree = "<group>"; };
		50F152942EFAEB4E002DDAC7 /* ADZFile.cpp */ = {isa = PBXFileReference; lastKnownFileType = sourcecode.cpp.cpp; path = ADZFile.cpp; sourceTree = "<group>"; };
		50F152952EFAEB4E002DDAC7 /* CMakeLists.txt */ = {isa = PBXFileReference; lastKnownFileType = text; path = CMakeLists.txt; sourceTree = "<group>"; };
		50F152AF2EFAEB4E002DDAC7 /* CMakeLists.txt */ = {isa = PBXFileReference; lastKnownFileType = text; path = CMakeLists.txt; sourceTree = "<group>"; };
		50F152B22EFAEB4E002DDAC7 /* HDFFile.h */ = {isa = PBXFileReference; lastKnownFileType = sourcecode.c.h; path = HDFFile.h; sourceTree = "<group>"; };
		50F152B32EFAEB4E002DDAC7 /* HDFFile.cpp */ = {isa = PBXFileReference; lastKnownFileType = sourcecode.cpp.cpp; path = HDFFile.cpp; sourceTree = "<group>"; };
		50F152B42EFAEB4E002DDAC7 /* HDFFileTypes.h */ = {isa = PBXFileReference; lastKnownFileType = sourcecode.c.h; path = HDFFileTypes.h; sourceTree = "<group>"; };
		50F152B62EFAEB4E002DDAC7 /* CMakeLists.txt */ = {isa = PBXFileReference; lastKnownFileType = text; path = CMakeLists.txt; sourceTree = "<group>"; };
		50F152B92EFAEB4E002DDAC7 /* HDZFile.h */ = {isa = PBXFileReference; lastKnownFileType = sourcecode.c.h; path = HDZFile.h; sourceTree = "<group>"; };
		50F152BA2EFAEB4E002DDAC7 /* HDZFile.cpp */ = {isa = PBXFileReference; lastKnownFileType = sourcecode.cpp.cpp; path = HDZFile.cpp; sourceTree = "<group>"; };
		50F152BC2EFAEB4E002DDAC7 /* CMakeLists.txt */ = {isa = PBXFileReference; lastKnownFileType = text; path = CMakeLists.txt; sourceTree = "<group>"; };
		50F152C12EFAEB4E002DDAC7 /* IMGFile.h */ = {isa = PBXFileReference; lastKnownFileType = sourcecode.c.h; path = IMGFile.h; sourceTree = "<group>"; };
		50F152C22EFAEB4E002DDAC7 /* IMGFile.cpp */ = {isa = PBXFileReference; lastKnownFileType = sourcecode.cpp.cpp; path = IMGFile.cpp; sourceTree = "<group>"; };
		50F152CB2EFAEB4E002DDAC7 /* CMakeLists.txt */ = {isa = PBXFileReference; lastKnownFileType = text; path = CMakeLists.txt; sourceTree = "<group>"; };
		50F152D02EFAEB4E002DDAC7 /* STFile.h */ = {isa = PBXFileReference; lastKnownFileType = sourcecode.c.h; path = STFile.h; sourceTree = "<group>"; };
		50F152D12EFAEB4E002DDAC7 /* STFile.cpp */ = {isa = PBXFileReference; lastKnownFileType = sourcecode.cpp.cpp; path = STFile.cpp; sourceTree = "<group>"; };
		50F152D32EFAEB4E002DDAC7 /* AnyFile.h */ = {isa = PBXFileReference; lastKnownFileType = sourcecode.c.h; path = AnyFile.h; sourceTree = "<group>"; };
		50F152D42EFAEB4E002DDAC7 /* AnyFile.cpp */ = {isa = PBXFileReference; lastKnownFileType = sourcecode.cpp.cpp; path = AnyFile.cpp; sourceTree = "<group>"; };
		50F152D52EFAEB4E002DDAC7 /* CMakeLists.txt */ = {isa = PBXFileReference; lastKnownFileType = text; path = CMakeLists.txt; sourceTree = "<group>"; };
		50F152D62EFAEB4E002DDAC7 /* DiskFile.h */ = {isa = PBXFileReference; lastKnownFileType = sourcecode.c.h; path = DiskFile.h; sourceTree = "<group>"; };
		50F152D72EFAEB4E002DDAC7 /* DiskFile.cpp */ = {isa = PBXFileReference; lastKnownFileType = sourcecode.cpp.cpp; path = DiskFile.cpp; sourceTree = "<group>"; };
		50F152D82EFAEB4E002DDAC7 /* FileFactories.h */ = {isa = PBXFileReference; lastKnownFileType = sourcecode.c.h; path = FileFactories.h; sourceTree = "<group>"; };
		50F152D92EFAEB4E002DDAC7 /* FloppyFactory.h */ = {isa = PBXFileReference; lastKnownFileType = sourcecode.c.h; path = FloppyFactory.h; sourceTree = "<group>"; };
		50F152DA2EFAEB4E002DDAC7 /* FloppyFactory.cpp */ = {isa = PBXFileReference; lastKnownFileType = sourcecode.cpp.cpp; path = FloppyFactory.cpp; sourceTree = "<group>"; };
		50F152DB2EFAEB4E002DDAC7 /* FloppyFile.h */ = {isa = PBXFileReference; lastKnownFileType = sourcecode.c.h; path = FloppyFile.h; sourceTree = "<group>"; };
		50F152DC2EFAEB4E002DDAC7 /* FloppyFile.cpp */ = {isa = PBXFileReference; lastKnownFileType = sourcecode.cpp.cpp; path = FloppyFile.cpp; sourceTree = "<group>"; };
		50F152DD2EFAEB4E002DDAC7 /* Media.h */ = {isa = PBXFileReference; lastKnownFileType = sourcecode.c.h; path = Media.h; sourceTree = "<group>"; };
		50F152DE2EFAEB4E002DDAC7 /* MediaError.h */ = {isa = PBXFileReference; lastKnownFileType = sourcecode.c.h; path = MediaError.h; sourceTree = "<group>"; };
		50F152DF2EFAEB4E002DDAC7 /* MediaError.cpp */ = {isa = PBXFileReference; lastKnownFileType = sourcecode.cpp.cpp; path = MediaError.cpp; sourceTree = "<group>"; };
		50F152E02EFAEB4E002DDAC7 /* MediaFile.h */ = {isa = PBXFileReference; lastKnownFileType = sourcecode.c.h; path = MediaFile.h; sourceTree = "<group>"; };
		50F152E12EFAEB4E002DDAC7 /* MediaFile.cpp */ = {isa = PBXFileReference; lastKnownFileType = sourcecode.cpp.cpp; path = MediaFile.cpp; sourceTree = "<group>"; };
		50F152E22EFAEB4E002DDAC7 /* MediaFileTypes.h */ = {isa = PBXFileReference; lastKnownFileType = sourcecode.c.h; path = MediaFileTypes.h; sourceTree = "<group>"; };
		50F152EA2EFAEB4E002DDAC7 /* CMakeLists.txt */ = {isa = PBXFileReference; lastKnownFileType = text; path = CMakeLists.txt; sourceTree = "<group>"; };
		50F152EB2EFAEB4E002DDAC7 /* DeviceDescriptors.h */ = {isa = PBXFileReference; lastKnownFileType = sourcecode.c.h; path = DeviceDescriptors.h; sourceTree = "<group>"; };
		50F152EC2EFAEB4E002DDAC7 /* DeviceDescriptors.cpp */ = {isa = PBXFileReference; lastKnownFileType = sourcecode.cpp.cpp; path = DeviceDescriptors.cpp; sourceTree = "<group>"; };
		50F152ED2EFAEB4E002DDAC7 /* DeviceError.h */ = {isa = PBXFileReference; lastKnownFileType = sourcecode.c.h; path = DeviceError.h; sourceTree = "<group>"; };
		50F152EE2EFAEB4E002DDAC7 /* DeviceError.cpp */ = {isa = PBXFileReference; lastKnownFileType = sourcecode.cpp.cpp; path = DeviceError.cpp; sourceTree = "<group>"; };
		50F152EF2EFAEB4E002DDAC7 /* DeviceTypes.h */ = {isa = PBXFileReference; lastKnownFileType = sourcecode.c.h; path = DeviceTypes.h; sourceTree = "<group>"; };
/* End PBXFileReference section */

/* Begin PBXFileSystemSynchronizedBuildFileExceptionSet section */
		50559ADA2ED851640001AEEF /* Exceptions for "RetroMount" folder in "RetroMount" target */ = {
			isa = PBXFileSystemSynchronizedBuildFileExceptionSet;
			membershipExceptions = (
				Info.plist,
			);
			target = 504EA7BC2ECE39E8008CF9FC /* RetroMount */;
		};
/* End PBXFileSystemSynchronizedBuildFileExceptionSet section */

/* Begin PBXFileSystemSynchronizedRootGroup section */
		504EA7BF2ECE39E8008CF9FC /* RetroMount */ = {
			isa = PBXFileSystemSynchronizedRootGroup;
			exceptions = (
				50559ADA2ED851640001AEEF /* Exceptions for "RetroMount" folder in "RetroMount" target */,
			);
			path = RetroMount;
			sourceTree = "<group>";
		};
/* End PBXFileSystemSynchronizedRootGroup section */

/* Begin PBXFrameworksBuildPhase section */
		507724922ECF25B200DB04C5 /* Frameworks */ = {
			isa = PBXFrameworksBuildPhase;
			buildActionMask = 2147483647;
			files = (
				507724952ECF26F800DB04C5 /* libfuse.2.dylib in Frameworks */,
			);
			runOnlyForDeploymentPostprocessing = 0;
		};
/* End PBXFrameworksBuildPhase section */

/* Begin PBXGroup section */
		504EA7B42ECE39E8008CF9FC = {
			isa = PBXGroup;
			children = (
				5077249C2ECF8BC000DB04C5 /* FuseAPI.h */,
				50559ADE2ED870190001AEEF /* FuseFileSystemTypes.h */,
				504EAD2A2ECF024E008CF9FC /* FuseFileSystem.h */,
				504EAD2C2ECF0263008CF9FC /* FuseFileSystem.cpp */,
				5077249D2ECFA78500DB04C5 /* FuseDebug.h */,
				5077249E2ECFA78D00DB04C5 /* FuseDebug.cpp */,
				507724A42ED0841B00DB04C5 /* AmigaVolume.h */,
				507724A52ED0843700DB04C5 /* AmigaVolume.cpp */,
				50BCBDF82EEBF791000C53CF /* AmigaDevice.h */,
				50BCBDF92EEBF798000C53CF /* AmigaDevice.cpp */,
				50BCBC932EE86574000C53CF /* Core */,
				504EAD242ECF00CE008CF9FC /* ObjCProxy */,
				504EA7BF2ECE39E8008CF9FC /* RetroMount */,
				504EAD362ECF10DC008CF9FC /* Frameworks */,
				504EA7BE2ECE39E8008CF9FC /* Products */,
			);
			sourceTree = "<group>";
		};
		504EA7BE2ECE39E8008CF9FC /* Products */ = {
			isa = PBXGroup;
			children = (
				504EA7BD2ECE39E8008CF9FC /* RetroMount.app */,
			);
			name = Products;
			sourceTree = "<group>";
		};
		504EAD242ECF00CE008CF9FC /* ObjCProxy */ = {
			isa = PBXGroup;
			children = (
				504EAD1F2ECF00CE008CF9FC /* Bridging-Header.h */,
				504EAD202ECF00CE008CF9FC /* EmulatorProxy.h */,
				504EAD212ECF00CE008CF9FC /* EmulatorProxy.mm */,
				504EAD222ECF00CE008CF9FC /* ProxyExtensions.swift */,
				504EAD232ECF00CE008CF9FC /* TypeExtensions.swift */,
			);
			path = ObjCProxy;
			sourceTree = "<group>";
		};
		504EAD362ECF10DC008CF9FC /* Frameworks */ = {
			isa = PBXGroup;
			children = (
				507724942ECF26BF00DB04C5 /* libfuse.2.dylib */,
			);
			name = Frameworks;
			sourceTree = "<group>";
		};
		50BCBC932EE86574000C53CF /* Core */ = {
			isa = PBXGroup;
			children = (
				50BCBDC22EE866B0000C53CF /* config.h */,
				50BCBDCA2EE87447000C53CF /* config.cpp */,
				50F152462EFAEB37002DDAC7 /* utlib */,
				50F152F02EFAEB4E002DDAC7 /* Storage */,
			);
			path = Core;
			sourceTree = "<group>";
		};
		50F151FE2EFAEB37002DDAC7 /* abilities */ = {
			isa = PBXGroup;
			children = (
				50F151F52EFAEB37002DDAC7 /* CMakeLists.txt */,
				50F151F62EFAEB37002DDAC7 /* Compressible.h */,
				50F151F72EFAEB37002DDAC7 /* Dumpable.h */,
				50F151F82EFAEB37002DDAC7 /* Hashable.h */,
				50F151F92EFAEB37002DDAC7 /* Loggable.h */,
				50F151FA2EFAEB37002DDAC7 /* Reflectable.h */,
				50F151FB2EFAEB37002DDAC7 /* Reportable.h */,
				50F151FC2EFAEB37002DDAC7 /* Synchronizable.h */,
				50F151FD2EFAEB37002DDAC7 /* Wakeable.h */,
			);
			path = abilities;
			sourceTree = "<group>";
		};
		50F152012EFAEB37002DDAC7 /* chrono */ = {
			isa = PBXGroup;
			children = (
				50F151FF2EFAEB37002DDAC7 /* Clock.h */,
				50F152002EFAEB37002DDAC7 /* Time.h */,
			);
			path = chrono;
			sourceTree = "<group>";
		};
		50F152042EFAEB37002DDAC7 /* concurrency */ = {
			isa = PBXGroup;
			children = (
				50F152022EFAEB37002DDAC7 /* AutoMutex.h */,
				50F152032EFAEB37002DDAC7 /* ReentrantMutex.h */,
			);
			path = concurrency;
			sourceTree = "<group>";
		};
		50F1520B2EFAEB37002DDAC7 /* io */ = {
			isa = PBXGroup;
			children = (
				50F152052EFAEB37002DDAC7 /* Files.h */,
				50F152062EFAEB37002DDAC7 /* Formatter.h */,
				50F152072EFAEB37002DDAC7 /* IOError.h */,
				50F152082EFAEB37002DDAC7 /* ParseError.h */,
				50F152092EFAEB37002DDAC7 /* Parser.h */,
				50F1520A2EFAEB37002DDAC7 /* Streams.h */,
			);
			path = io;
			sourceTree = "<group>";
		};
		50F1520D2EFAEB37002DDAC7 /* primitives */ = {
			isa = PBXGroup;
			children = (
				50F1520C2EFAEB37002DDAC7 /* Range.h */,
			);
			path = primitives;
			sourceTree = "<group>";
		};
		50F152112EFAEB37002DDAC7 /* storage */ = {
			isa = PBXGroup;
			children = (
				50F1520E2EFAEB37002DDAC7 /* Buffer.h */,
				50F1520F2EFAEB37002DDAC7 /* Mailbox.h */,
				50F152102EFAEB37002DDAC7 /* RingBuffer.h */,
			);
			path = storage;
			sourceTree = "<group>";
		};
		50F152142EFAEB37002DDAC7 /* support */ = {
			isa = PBXGroup;
			children = (
				50F152122EFAEB37002DDAC7 /* Bits.h */,
				50F152132EFAEB37002DDAC7 /* Strings.h */,
			);
			path = support;
			sourceTree = "<group>";
		};
		50F152182EFAEB37002DDAC7 /* types */ = {
			isa = PBXGroup;
			children = (
				50F152152EFAEB37002DDAC7 /* Exception.h */,
				50F152162EFAEB37002DDAC7 /* Integers.h */,
				50F152172EFAEB37002DDAC7 /* Literals.h */,
			);
			path = types;
			sourceTree = "<group>";
		};
		50F1521D2EFAEB37002DDAC7 /* wrappers */ = {
			isa = PBXGroup;
			children = (
				50F152192EFAEB37002DDAC7 /* Animated.h */,
				50F1521A2EFAEB37002DDAC7 /* Backed.h */,
				50F1521B2EFAEB37002DDAC7 /* Cached.h */,
				50F1521C2EFAEB37002DDAC7 /* Memorized.h */,
			);
			path = wrappers;
			sourceTree = "<group>";
		};
		50F152292EFAEB37002DDAC7 /* utl */ = {
			isa = PBXGroup;
			children = (
				50F151FE2EFAEB37002DDAC7 /* abilities */,
				50F152012EFAEB37002DDAC7 /* chrono */,
				50F152042EFAEB37002DDAC7 /* concurrency */,
				50F1520B2EFAEB37002DDAC7 /* io */,
				50F1520D2EFAEB37002DDAC7 /* primitives */,
				50F152112EFAEB37002DDAC7 /* storage */,
				50F152142EFAEB37002DDAC7 /* support */,
				50F152182EFAEB37002DDAC7 /* types */,
				50F1521D2EFAEB37002DDAC7 /* wrappers */,
				50F1521E2EFAEB37002DDAC7 /* abilities.h */,
				50F1521F2EFAEB37002DDAC7 /* chrono.h */,
				50F152202EFAEB37002DDAC7 /* common.h */,
				50F152212EFAEB37002DDAC7 /* concurrency.h */,
				50F152222EFAEB37002DDAC7 /* hints.h */,
				50F152232EFAEB37002DDAC7 /* io.h */,
				50F152242EFAEB37002DDAC7 /* primitives.h */,
				50F152252EFAEB37002DDAC7 /* storage.h */,
				50F152262EFAEB37002DDAC7 /* support.h */,
				50F152272EFAEB37002DDAC7 /* types.h */,
				50F152282EFAEB37002DDAC7 /* wrappers.h */,
			);
			path = utl;
			sourceTree = "<group>";
		};
		50F1522A2EFAEB37002DDAC7 /* include */ = {
			isa = PBXGroup;
			children = (
				50F152292EFAEB37002DDAC7 /* utl */,
			);
			path = include;
			sourceTree = "<group>";
		};
		50F152322EFAEB37002DDAC7 /* abilities */ = {
			isa = PBXGroup;
			children = (
				50F1522B2EFAEB37002DDAC7 /* Compressible.cpp */,
				50F1522C2EFAEB37002DDAC7 /* Dumpable.cpp */,
				50F1522D2EFAEB37002DDAC7 /* Hashable.cpp */,
				50F1522E2EFAEB37002DDAC7 /* Loggable.cpp */,
				50F1522F2EFAEB37002DDAC7 /* Reflectable.cpp */,
				50F152302EFAEB37002DDAC7 /* Reportable.cpp */,
				50F152312EFAEB37002DDAC7 /* Wakeable.cpp */,
			);
			path = abilities;
			sourceTree = "<group>";
		};
		50F152352EFAEB37002DDAC7 /* chrono */ = {
			isa = PBXGroup;
			children = (
				50F152332EFAEB37002DDAC7 /* Clock.cpp */,
				50F152342EFAEB37002DDAC7 /* Time.cpp */,
			);
			path = chrono;
			sourceTree = "<group>";
		};
		50F152382EFAEB37002DDAC7 /* io */ = {
			isa = PBXGroup;
			children = (
				50F152362EFAEB37002DDAC7 /* Formatter.cpp */,
				50F152372EFAEB37002DDAC7 /* Parser.cpp */,
			);
			path = io;
			sourceTree = "<group>";
		};
		50F1523A2EFAEB37002DDAC7 /* storage */ = {
			isa = PBXGroup;
			children = (
				50F152392EFAEB37002DDAC7 /* Buffer.cpp */,
			);
			path = storage;
			sourceTree = "<group>";
		};
		50F1523F2EFAEB37002DDAC7 /* support */ = {
			isa = PBXGroup;
			children = (
				50F1523B2EFAEB37002DDAC7 /* Bits.cpp */,
				50F1523C2EFAEB37002DDAC7 /* Files.cpp */,
				50F1523D2EFAEB37002DDAC7 /* Streams.cpp */,
				50F1523E2EFAEB37002DDAC7 /* Strings.cpp */,
			);
			path = support;
			sourceTree = "<group>";
		};
		50F152402EFAEB37002DDAC7 /* types */ = {
			isa = PBXGroup;
			children = (
			);
			path = types;
			sourceTree = "<group>";
		};
		50F152412EFAEB37002DDAC7 /* src */ = {
			isa = PBXGroup;
			children = (
				50F152322EFAEB37002DDAC7 /* abilities */,
				50F152352EFAEB37002DDAC7 /* chrono */,
				50F152382EFAEB37002DDAC7 /* io */,
				50F1523A2EFAEB37002DDAC7 /* storage */,
				50F1523F2EFAEB37002DDAC7 /* support */,
				50F152402EFAEB37002DDAC7 /* types */,
			);
			path = src;
			sourceTree = "<group>";
		};
		50F152442EFAEB37002DDAC7 /* thirdparty */ = {
			isa = PBXGroup;
			children = (
				50F152422EFAEB37002DDAC7 /* lz4.h */,
				50F152432EFAEB37002DDAC7 /* lz4.c */,
			);
			path = thirdparty;
			sourceTree = "<group>";
		};
		50F152462EFAEB37002DDAC7 /* utlib */ = {
			isa = PBXGroup;
			children = (
				50F1522A2EFAEB37002DDAC7 /* include */,
				50F152412EFAEB37002DDAC7 /* src */,
				50F152442EFAEB37002DDAC7 /* thirdparty */,
				50F152452EFAEB37002DDAC7 /* CMakeLists.txt */,
			);
			path = utlib;
			sourceTree = "<group>";
		};
		50F152622EFAEB4E002DDAC7 /* Devices */ = {
			isa = PBXGroup;
			children = (
				50F1525A2EFAEB4E002DDAC7 /* BlockDevice.h */,
				50F1525B2EFAEB4E002DDAC7 /* BlockDevice.cpp */,
				50F1525C2EFAEB4E002DDAC7 /* BlockView.h */,
				50F1525D2EFAEB4E002DDAC7 /* BlockView.cpp */,
				50F1525E2EFAEB4E002DDAC7 /* BlockVolume.h */,
				50F1525F2EFAEB4E002DDAC7 /* BlockVolume.cpp */,
				50F152602EFAEB4E002DDAC7 /* CMakeLists.txt */,
			);
			path = Devices;
			sourceTree = "<group>";
		};
		50F152862EFAEB4E002DDAC7 /* FileSystems */ = {
			isa = PBXGroup;
			children = (
				50F152632EFAEB4E002DDAC7 /* BootBlockImage.h */,
				50F152642EFAEB4E002DDAC7 /* BootBlockImage.cpp */,
				50F152652EFAEB4E002DDAC7 /* CMakeLists.txt */,
				50F152662EFAEB4E002DDAC7 /* FileSystem.h */,
				50F152672EFAEB4E002DDAC7 /* FileSystem.cpp */,
				50F152682EFAEB4E002DDAC7 /* FileSystemLayer1.cpp */,
				50F152692EFAEB4E002DDAC7 /* FileSystemLayer2.cpp */,
				50F1526A2EFAEB4E002DDAC7 /* FileSystemLayer3.cpp */,
				50F1526B2EFAEB4E002DDAC7 /* FSAllocator.h */,
				50F1526C2EFAEB4E002DDAC7 /* FSAllocator.cpp */,
				50F1526D2EFAEB4E002DDAC7 /* FSBlock.h */,
				50F1526E2EFAEB4E002DDAC7 /* FSBlock.cpp */,
				50F1526F2EFAEB4E002DDAC7 /* FSCache.h */,
				50F152702EFAEB4E002DDAC7 /* FSCache.cpp */,
				50F152712EFAEB4E002DDAC7 /* FSContract.h */,
				50F152722EFAEB4E002DDAC7 /* FSContract.cpp */,
				50F152732EFAEB4E002DDAC7 /* FSDescriptor.h */,
				50F152742EFAEB4E002DDAC7 /* FSDescriptor.cpp */,
				50F152752EFAEB4E002DDAC7 /* FSDoctor.h */,
				50F152762EFAEB4E002DDAC7 /* FSDoctor.cpp */,
				50F152772EFAEB4E002DDAC7 /* FSError.h */,
				50F152782EFAEB4E002DDAC7 /* FSError.cpp */,
				50F152792EFAEB4E002DDAC7 /* FSExporter.h */,
				50F1527A2EFAEB4E002DDAC7 /* FSExporter.cpp */,
				50F1527B2EFAEB4E002DDAC7 /* FSImporter.h */,
				50F1527C2EFAEB4E002DDAC7 /* FSImporter.cpp */,
				50F1527D2EFAEB4E002DDAC7 /* FSObjects.h */,
				50F1527E2EFAEB4E002DDAC7 /* FSObjects.cpp */,
				50F1527F2EFAEB4E002DDAC7 /* FSService.h */,
				50F152802EFAEB4E002DDAC7 /* FSService.cpp */,
				50F152812EFAEB4E002DDAC7 /* FSTree.h */,
				50F152822EFAEB4E002DDAC7 /* FSTree.cpp */,
				50F152832EFAEB4E002DDAC7 /* FSTypes.h */,
				50F152842EFAEB4E002DDAC7 /* PosixFileSystem.h */,
				50F152852EFAEB4E002DDAC7 /* PosixFileSystem.cpp */,
			);
			path = FileSystems;
			sourceTree = "<group>";
		};
		50F1528E2EFAEB4E002DDAC7 /* ADF */ = {
			isa = PBXGroup;
			children = (
				50F1528B2EFAEB4E002DDAC7 /* ADFFile.h */,
				50F1528C2EFAEB4E002DDAC7 /* ADFFile.cpp */,
				50F1528D2EFAEB4E002DDAC7 /* CMakeLists.txt */,
			);
			path = ADF;
			sourceTree = "<group>";
		};
		50F152962EFAEB4E002DDAC7 /* ADZ */ = {
			isa = PBXGroup;
			children = (
				50F152932EFAEB4E002DDAC7 /* ADZFile.h */,
				50F152942EFAEB4E002DDAC7 /* ADZFile.cpp */,
				50F152952EFAEB4E002DDAC7 /* CMakeLists.txt */,
			);
			path = ADZ;
			sourceTree = "<group>";
		};
		50F152B52EFAEB4E002DDAC7 /* HDF */ = {
			isa = PBXGroup;
			children = (
				50F152AF2EFAEB4E002DDAC7 /* CMakeLists.txt */,
				50F152B22EFAEB4E002DDAC7 /* HDFFile.h */,
				50F152B32EFAEB4E002DDAC7 /* HDFFile.cpp */,
				50F152B42EFAEB4E002DDAC7 /* HDFFileTypes.h */,
			);
			path = HDF;
			sourceTree = "<group>";
		};
		50F152BB2EFAEB4E002DDAC7 /* HDZ */ = {
			isa = PBXGroup;
			children = (
				50F152B62EFAEB4E002DDAC7 /* CMakeLists.txt */,
				50F152B92EFAEB4E002DDAC7 /* HDZFile.h */,
				50F152BA2EFAEB4E002DDAC7 /* HDZFile.cpp */,
			);
			path = HDZ;
			sourceTree = "<group>";
		};
		50F152C32EFAEB4E002DDAC7 /* IMG */ = {
			isa = PBXGroup;
			children = (
				50F152BC2EFAEB4E002DDAC7 /* CMakeLists.txt */,
				50F152C12EFAEB4E002DDAC7 /* IMGFile.h */,
				50F152C22EFAEB4E002DDAC7 /* IMGFile.cpp */,
			);
			path = IMG;
			sourceTree = "<group>";
		};
		50F152D22EFAEB4E002DDAC7 /* ST */ = {
			isa = PBXGroup;
			children = (
				50F152CB2EFAEB4E002DDAC7 /* CMakeLists.txt */,
				50F152D02EFAEB4E002DDAC7 /* STFile.h */,
				50F152D12EFAEB4E002DDAC7 /* STFile.cpp */,
			);
			path = ST;
			sourceTree = "<group>";
		};
		50F152E92EFAEB4E002DDAC7 /* Media */ = {
			isa = PBXGroup;
			children = (
				50F1528E2EFAEB4E002DDAC7 /* ADF */,
				50F152962EFAEB4E002DDAC7 /* ADZ */,
				50F152B52EFAEB4E002DDAC7 /* HDF */,
				50F152BB2EFAEB4E002DDAC7 /* HDZ */,
				50F152C32EFAEB4E002DDAC7 /* IMG */,
				50F152D22EFAEB4E002DDAC7 /* ST */,
				50F152D32EFAEB4E002DDAC7 /* AnyFile.h */,
				50F152D42EFAEB4E002DDAC7 /* AnyFile.cpp */,
				50F152D52EFAEB4E002DDAC7 /* CMakeLists.txt */,
				50F152D62EFAEB4E002DDAC7 /* DiskFile.h */,
				50F152D72EFAEB4E002DDAC7 /* DiskFile.cpp */,
				50F152D82EFAEB4E002DDAC7 /* FileFactories.h */,
				50F152D92EFAEB4E002DDAC7 /* FloppyFactory.h */,
				50F152DA2EFAEB4E002DDAC7 /* FloppyFactory.cpp */,
				50F152DB2EFAEB4E002DDAC7 /* FloppyFile.h */,
				50F152DC2EFAEB4E002DDAC7 /* FloppyFile.cpp */,
				50F152DD2EFAEB4E002DDAC7 /* Media.h */,
				50F152DE2EFAEB4E002DDAC7 /* MediaError.h */,
				50F152DF2EFAEB4E002DDAC7 /* MediaError.cpp */,
				50F152E02EFAEB4E002DDAC7 /* MediaFile.h */,
				50F152E12EFAEB4E002DDAC7 /* MediaFile.cpp */,
				50F152E22EFAEB4E002DDAC7 /* MediaFileTypes.h */,
			);
			path = Media;
			sourceTree = "<group>";
		};
		50F152F02EFAEB4E002DDAC7 /* Storage */ = {
			isa = PBXGroup;
			children = (
				50F152622EFAEB4E002DDAC7 /* Devices */,
				50F152862EFAEB4E002DDAC7 /* FileSystems */,
				50F152E92EFAEB4E002DDAC7 /* Media */,
				50F152EA2EFAEB4E002DDAC7 /* CMakeLists.txt */,
				50F152EB2EFAEB4E002DDAC7 /* DeviceDescriptors.h */,
				50F152EC2EFAEB4E002DDAC7 /* DeviceDescriptors.cpp */,
				50F152ED2EFAEB4E002DDAC7 /* DeviceError.h */,
				50F152EE2EFAEB4E002DDAC7 /* DeviceError.cpp */,
				50F152EF2EFAEB4E002DDAC7 /* DeviceTypes.h */,
			);
			path = Storage;
			sourceTree = "<group>";
		};
/* End PBXGroup section */

/* Begin PBXNativeTarget section */
		504EA7BC2ECE39E8008CF9FC /* RetroMount */ = {
			isa = PBXNativeTarget;
			buildConfigurationList = 504EA7CB2ECE39E9008CF9FC /* Build configuration list for PBXNativeTarget "RetroMount" */;
			buildPhases = (
				504EA7B92ECE39E8008CF9FC /* Sources */,
				504EAD3F2ECF14AA008CF9FC /* Embed Libraries */,
				504EA7BB2ECE39E8008CF9FC /* Resources */,
				507724922ECF25B200DB04C5 /* Frameworks */,
			);
			buildRules = (
			);
			dependencies = (
			);
			fileSystemSynchronizedGroups = (
				504EA7BF2ECE39E8008CF9FC /* RetroMount */,
			);
			name = RetroMount;
			packageProductDependencies = (
			);
			productName = vMount;
			productReference = 504EA7BD2ECE39E8008CF9FC /* RetroMount.app */;
			productType = "com.apple.product-type.application";
		};
/* End PBXNativeTarget section */

/* Begin PBXProject section */
		504EA7B52ECE39E8008CF9FC /* Project object */ = {
			isa = PBXProject;
			attributes = {
				BuildIndependentTargetsInParallel = 1;
				LastSwiftUpdateCheck = 2610;
				LastUpgradeCheck = 2620;
				TargetAttributes = {
					504EA7BC2ECE39E8008CF9FC = {
						CreatedOnToolsVersion = 26.1.1;
					};
				};
			};
			buildConfigurationList = 504EA7B82ECE39E8008CF9FC /* Build configuration list for PBXProject "RetroMount" */;
			developmentRegion = en;
			hasScannedForEncodings = 0;
			knownRegions = (
				en,
				Base,
			);
			mainGroup = 504EA7B42ECE39E8008CF9FC;
			minimizedProjectReferenceProxies = 1;
			preferredProjectObjectVersion = 77;
			productRefGroup = 504EA7BE2ECE39E8008CF9FC /* Products */;
			projectDirPath = "";
			projectRoot = "";
			targets = (
				504EA7BC2ECE39E8008CF9FC /* RetroMount */,
			);
		};
/* End PBXProject section */

/* Begin PBXResourcesBuildPhase section */
		504EA7BB2ECE39E8008CF9FC /* Resources */ = {
			isa = PBXResourcesBuildPhase;
			buildActionMask = 2147483647;
			files = (
				50F152592EFAEB37002DDAC7 /* CMakeLists.txt in Resources */,
			);
			runOnlyForDeploymentPostprocessing = 0;
		};
/* End PBXResourcesBuildPhase section */

/* Begin PBXSourcesBuildPhase section */
		504EA7B92ECE39E8008CF9FC /* Sources */ = {
			isa = PBXSourcesBuildPhase;
			buildActionMask = 2147483647;
			files = (
				504EAD2D2ECF0266008CF9FC /* FuseFileSystem.cpp in Sources */,
				5077249F2ECFA78E00DB04C5 /* FuseDebug.cpp in Sources */,
				50BCBDCB2EE87447000C53CF /* config.cpp in Sources */,
				50F152472EFAEB37002DDAC7 /* lz4.c in Sources */,
				50F152482EFAEB37002DDAC7 /* Buffer.cpp in Sources */,
				50F152492EFAEB37002DDAC7 /* Loggable.cpp in Sources */,
				50F1524A2EFAEB37002DDAC7 /* Clock.cpp in Sources */,
				50F1524B2EFAEB37002DDAC7 /* Streams.cpp in Sources */,
				50F1524C2EFAEB37002DDAC7 /* Parser.cpp in Sources */,
				50F1524D2EFAEB37002DDAC7 /* Files.cpp in Sources */,
				50F1524E2EFAEB37002DDAC7 /* Bits.cpp in Sources */,
				50F1524F2EFAEB37002DDAC7 /* Dumpable.cpp in Sources */,
				50F152502EFAEB37002DDAC7 /* Formatter.cpp in Sources */,
				50F152512EFAEB37002DDAC7 /* Strings.cpp in Sources */,
				50F152522EFAEB37002DDAC7 /* Time.cpp in Sources */,
				50F152532EFAEB37002DDAC7 /* Reportable.cpp in Sources */,
				50F152542EFAEB37002DDAC7 /* Compressible.cpp in Sources */,
				50F152552EFAEB37002DDAC7 /* Wakeable.cpp in Sources */,
				50F152562EFAEB37002DDAC7 /* Hashable.cpp in Sources */,
				50F152572EFAEB37002DDAC7 /* Reflectable.cpp in Sources */,
				50BCBDFA2EEBF79B000C53CF /* AmigaDevice.cpp in Sources */,
				507724A62ED0843800DB04C5 /* AmigaVolume.cpp in Sources */,
				504EAD252ECF00CE008CF9FC /* EmulatorProxy.mm in Sources */,
				504EAD262ECF00CE008CF9FC /* TypeExtensions.swift in Sources */,
				504EAD272ECF00CE008CF9FC /* ProxyExtensions.swift in Sources */,
				50F153012EFAEB4E002DDAC7 /* FSImporter.cpp in Sources */,
				50F153022EFAEB4E002DDAC7 /* FSContract.cpp in Sources */,
				50F153032EFAEB4E002DDAC7 /* BlockVolume.cpp in Sources */,
				50F153042EFAEB4E002DDAC7 /* IMGFile.cpp in Sources */,
				50F153062EFAEB4E002DDAC7 /* HDZFile.cpp in Sources */,
				50F153072EFAEB4E002DDAC7 /* FSTree.cpp in Sources */,
				50F153082EFAEB4E002DDAC7 /* ADZFile.cpp in Sources */,
				50F1530B2EFAEB4E002DDAC7 /* DeviceError.cpp in Sources */,
				50F1530C2EFAEB4E002DDAC7 /* FSDescriptor.cpp in Sources */,
				50F1530D2EFAEB4E002DDAC7 /* FSDoctor.cpp in Sources */,
				50F1530F2EFAEB4E002DDAC7 /* ADFFile.cpp in Sources */,
				50F153112EFAEB4E002DDAC7 /* FSError.cpp in Sources */,
				50F153142EFAEB4E002DDAC7 /* FloppyFile.cpp in Sources */,
				50F153182EFAEB4E002DDAC7 /* STFile.cpp in Sources */,
				50F153192EFAEB4E002DDAC7 /* MediaFile.cpp in Sources */,
				50F1531B2EFAEB4E002DDAC7 /* FileSystemLayer2.cpp in Sources */,
				50F1531C2EFAEB4E002DDAC7 /* AnyFile.cpp in Sources */,
				50F1531D2EFAEB4E002DDAC7 /* FSCache.cpp in Sources */,
				50F1531E2EFAEB4E002DDAC7 /* FloppyFactory.cpp in Sources */,
				50F1531F2EFAEB4E002DDAC7 /* FSExporter.cpp in Sources */,
				50F153202EFAEB4E002DDAC7 /* BlockView.cpp in Sources */,
				50F153212EFAEB4E002DDAC7 /* PosixFileSystem.cpp in Sources */,
				50F153222EFAEB4E002DDAC7 /* FSAllocator.cpp in Sources */,
				50F153242EFAEB4E002DDAC7 /* FSService.cpp in Sources */,
				50F153252EFAEB4E002DDAC7 /* FileSystemLayer3.cpp in Sources */,
				50F153272EFAEB4E002DDAC7 /* MediaError.cpp in Sources */,
				50F153292EFAEB4E002DDAC7 /* HDFFile.cpp in Sources */,
				50F1532A2EFAEB4E002DDAC7 /* FSObjects.cpp in Sources */,
				50F1532C2EFAEB4E002DDAC7 /* FileSystem.cpp in Sources */,
				50F1532D2EFAEB4E002DDAC7 /* FSBlock.cpp in Sources */,
				50F153302EFAEB4E002DDAC7 /* DiskFile.cpp in Sources */,
				50F153322EFAEB4E002DDAC7 /* BlockDevice.cpp in Sources */,
				50F153332EFAEB4E002DDAC7 /* FileSystemLayer1.cpp in Sources */,
				50F153362EFAEB4E002DDAC7 /* DeviceDescriptors.cpp in Sources */,
				50F153372EFAEB4E002DDAC7 /* BootBlockImage.cpp in Sources */,
			);
			runOnlyForDeploymentPostprocessing = 0;
		};
/* End PBXSourcesBuildPhase section */

/* Begin XCBuildConfiguration section */
		504EA7C92ECE39E9008CF9FC /* Debug */ = {
			isa = XCBuildConfiguration;
			buildSettings = {
				ALWAYS_SEARCH_USER_PATHS = NO;
				ASSETCATALOG_COMPILER_GENERATE_SWIFT_ASSET_SYMBOL_EXTENSIONS = YES;
				CLANG_ANALYZER_NONNULL = YES;
				CLANG_ANALYZER_NUMBER_OBJECT_CONVERSION = YES_AGGRESSIVE;
				CLANG_CXX_LANGUAGE_STANDARD = "gnu++20";
				CLANG_ENABLE_MODULES = YES;
				CLANG_ENABLE_OBJC_ARC = YES;
				CLANG_ENABLE_OBJC_WEAK = YES;
				CLANG_WARN_BLOCK_CAPTURE_AUTORELEASING = YES;
				CLANG_WARN_BOOL_CONVERSION = YES;
				CLANG_WARN_COMMA = YES;
				CLANG_WARN_CONSTANT_CONVERSION = YES;
				CLANG_WARN_DEPRECATED_OBJC_IMPLEMENTATIONS = YES;
				CLANG_WARN_DIRECT_OBJC_ISA_USAGE = YES_ERROR;
				CLANG_WARN_DOCUMENTATION_COMMENTS = YES;
				CLANG_WARN_EMPTY_BODY = YES;
				CLANG_WARN_ENUM_CONVERSION = YES;
				CLANG_WARN_INFINITE_RECURSION = YES;
				CLANG_WARN_INT_CONVERSION = YES;
				CLANG_WARN_NON_LITERAL_NULL_CONVERSION = YES;
				CLANG_WARN_OBJC_IMPLICIT_RETAIN_SELF = YES;
				CLANG_WARN_OBJC_LITERAL_CONVERSION = YES;
				CLANG_WARN_OBJC_ROOT_CLASS = YES_ERROR;
				CLANG_WARN_QUOTED_INCLUDE_IN_FRAMEWORK_HEADER = YES;
				CLANG_WARN_RANGE_LOOP_ANALYSIS = YES;
				CLANG_WARN_STRICT_PROTOTYPES = YES;
				CLANG_WARN_SUSPICIOUS_MOVE = YES;
				CLANG_WARN_UNGUARDED_AVAILABILITY = YES_AGGRESSIVE;
				CLANG_WARN_UNREACHABLE_CODE = YES;
				CLANG_WARN__DUPLICATE_METHOD_MATCH = YES;
				COPY_PHASE_STRIP = NO;
				DEAD_CODE_STRIPPING = YES;
				DEBUG_INFORMATION_FORMAT = dwarf;
				DEVELOPMENT_TEAM = 3NG65ZLYW7;
				ENABLE_STRICT_OBJC_MSGSEND = YES;
				ENABLE_TESTABILITY = YES;
				ENABLE_USER_SCRIPT_SANDBOXING = YES;
				GCC_C_LANGUAGE_STANDARD = gnu17;
				GCC_DYNAMIC_NO_PIC = NO;
				GCC_NO_COMMON_BLOCKS = YES;
				GCC_OPTIMIZATION_LEVEL = 0;
				GCC_PREPROCESSOR_DEFINITIONS = (
					"_FILE_OFFSET_BITS=64",
					"DEBUG=1",
				);
				GCC_WARN_64_TO_32_BIT_CONVERSION = YES;
				GCC_WARN_ABOUT_RETURN_TYPE = YES_ERROR;
				GCC_WARN_UNDECLARED_SELECTOR = YES;
				GCC_WARN_UNINITIALIZED_AUTOS = YES_AGGRESSIVE;
				GCC_WARN_UNUSED_FUNCTION = YES;
				GCC_WARN_UNUSED_VARIABLE = YES;
				HEADER_SEARCH_PATHS = (
					Core,
					/usr/local/include,
				);
				LD_RUNPATH_SEARCH_PATHS = "@executable_path/../Frameworks";
				LIBRARY_SEARCH_PATHS = "";
				LOCALIZATION_PREFERS_STRING_CATALOGS = YES;
				MACOSX_DEPLOYMENT_TARGET = 26.1;
				MTL_ENABLE_DEBUG_INFO = INCLUDE_SOURCE;
				MTL_FAST_MATH = YES;
				ONLY_ACTIVE_ARCH = YES;
				SDKROOT = macosx;
				STRING_CATALOG_GENERATE_SYMBOLS = YES;
				SWIFT_ACTIVE_COMPILATION_CONDITIONS = "DEBUG $(inherited)";
				SWIFT_OBJC_INTEROP_MODE = objcxx;
				SWIFT_OPTIMIZATION_LEVEL = "-Onone";
			};
			name = Debug;
		};
		504EA7CA2ECE39E9008CF9FC /* Release */ = {
			isa = XCBuildConfiguration;
			buildSettings = {
				ALWAYS_SEARCH_USER_PATHS = NO;
				ASSETCATALOG_COMPILER_GENERATE_SWIFT_ASSET_SYMBOL_EXTENSIONS = YES;
				CLANG_ANALYZER_NONNULL = YES;
				CLANG_ANALYZER_NUMBER_OBJECT_CONVERSION = YES_AGGRESSIVE;
				CLANG_CXX_LANGUAGE_STANDARD = "gnu++20";
				CLANG_ENABLE_MODULES = YES;
				CLANG_ENABLE_OBJC_ARC = YES;
				CLANG_ENABLE_OBJC_WEAK = YES;
				CLANG_WARN_BLOCK_CAPTURE_AUTORELEASING = YES;
				CLANG_WARN_BOOL_CONVERSION = YES;
				CLANG_WARN_COMMA = YES;
				CLANG_WARN_CONSTANT_CONVERSION = YES;
				CLANG_WARN_DEPRECATED_OBJC_IMPLEMENTATIONS = YES;
				CLANG_WARN_DIRECT_OBJC_ISA_USAGE = YES_ERROR;
				CLANG_WARN_DOCUMENTATION_COMMENTS = YES;
				CLANG_WARN_EMPTY_BODY = YES;
				CLANG_WARN_ENUM_CONVERSION = YES;
				CLANG_WARN_INFINITE_RECURSION = YES;
				CLANG_WARN_INT_CONVERSION = YES;
				CLANG_WARN_NON_LITERAL_NULL_CONVERSION = YES;
				CLANG_WARN_OBJC_IMPLICIT_RETAIN_SELF = YES;
				CLANG_WARN_OBJC_LITERAL_CONVERSION = YES;
				CLANG_WARN_OBJC_ROOT_CLASS = YES_ERROR;
				CLANG_WARN_QUOTED_INCLUDE_IN_FRAMEWORK_HEADER = YES;
				CLANG_WARN_RANGE_LOOP_ANALYSIS = YES;
				CLANG_WARN_STRICT_PROTOTYPES = YES;
				CLANG_WARN_SUSPICIOUS_MOVE = YES;
				CLANG_WARN_UNGUARDED_AVAILABILITY = YES_AGGRESSIVE;
				CLANG_WARN_UNREACHABLE_CODE = YES;
				CLANG_WARN__DUPLICATE_METHOD_MATCH = YES;
				COPY_PHASE_STRIP = NO;
				DEAD_CODE_STRIPPING = YES;
				DEBUG_INFORMATION_FORMAT = "dwarf-with-dsym";
				DEVELOPMENT_TEAM = 3NG65ZLYW7;
				ENABLE_NS_ASSERTIONS = NO;
				ENABLE_STRICT_OBJC_MSGSEND = YES;
				ENABLE_USER_SCRIPT_SANDBOXING = YES;
				GCC_C_LANGUAGE_STANDARD = gnu17;
				GCC_NO_COMMON_BLOCKS = YES;
				GCC_PREPROCESSOR_DEFINITIONS = "_FILE_OFFSET_BITS=64";
				GCC_WARN_64_TO_32_BIT_CONVERSION = YES;
				GCC_WARN_ABOUT_RETURN_TYPE = YES_ERROR;
				GCC_WARN_UNDECLARED_SELECTOR = YES;
				GCC_WARN_UNINITIALIZED_AUTOS = YES_AGGRESSIVE;
				GCC_WARN_UNUSED_FUNCTION = YES;
				GCC_WARN_UNUSED_VARIABLE = YES;
				HEADER_SEARCH_PATHS = (
					Core,
					/usr/local/include,
				);
				LD_RUNPATH_SEARCH_PATHS = "@executable_path/../Frameworks";
				LIBRARY_SEARCH_PATHS = "";
				LOCALIZATION_PREFERS_STRING_CATALOGS = YES;
				MACOSX_DEPLOYMENT_TARGET = 26.1;
				MTL_ENABLE_DEBUG_INFO = NO;
				MTL_FAST_MATH = YES;
				SDKROOT = macosx;
				STRING_CATALOG_GENERATE_SYMBOLS = YES;
				SWIFT_COMPILATION_MODE = wholemodule;
				SWIFT_OBJC_INTEROP_MODE = objcxx;
			};
			name = Release;
		};
		504EA7CC2ECE39E9008CF9FC /* Debug */ = {
			isa = XCBuildConfiguration;
			buildSettings = {
				ASSETCATALOG_COMPILER_APPICON_NAME = AppIcon;
				ASSETCATALOG_COMPILER_GLOBAL_ACCENT_COLOR_NAME = AccentColor;
				AUTOMATION_APPLE_EVENTS = NO;
				CLANG_CXX_LANGUAGE_STANDARD = "gnu++23";
				CODE_SIGN_STYLE = Automatic;
				COMBINE_HIDPI_IMAGES = YES;
				CURRENT_PROJECT_VERSION = 1;
				DEAD_CODE_STRIPPING = YES;
				DEVELOPMENT_TEAM = 3NG65ZLYW7;
				ENABLE_APP_SANDBOX = NO;
				ENABLE_HARDENED_RUNTIME = YES;
				ENABLE_RESOURCE_ACCESS_PHOTO_LIBRARY = NO;
				GENERATE_INFOPLIST_FILE = YES;
				HEADER_SEARCH_PATHS = (
					Core,
					/usr/local/include,
					Core/utlib/include,
				);
				INFOPLIST_FILE = RetroMount/Info.plist;
				INFOPLIST_KEY_NSHumanReadableCopyright = "";
				INFOPLIST_KEY_NSMainStoryboardFile = Main;
				INFOPLIST_KEY_NSPrincipalClass = NSApplication;
				LD_RUNPATH_SEARCH_PATHS = (
					"$(inherited)",
					"@executable_path/../Frameworks",
				);
				LIBRARY_SEARCH_PATHS = (
					"$(inherited)",
					"$(PROJECT_DIR)",
					/usr/local/lib,
				);
				MARKETING_VERSION = 1.0;
				PRODUCT_BUNDLE_IDENTIFIER = de.dirkwhoffmann.de.retroMount;
				PRODUCT_NAME = "$(TARGET_NAME)";
				REGISTER_APP_GROUPS = YES;
				RUNTIME_EXCEPTION_ALLOW_DYLD_ENVIRONMENT_VARIABLES = NO;
				RUNTIME_EXCEPTION_ALLOW_JIT = NO;
				RUNTIME_EXCEPTION_ALLOW_UNSIGNED_EXECUTABLE_MEMORY = NO;
				RUNTIME_EXCEPTION_DEBUGGING_TOOL = NO;
				RUNTIME_EXCEPTION_DISABLE_EXECUTABLE_PAGE_PROTECTION = NO;
				RUNTIME_EXCEPTION_DISABLE_LIBRARY_VALIDATION = YES;
				STRING_CATALOG_GENERATE_SYMBOLS = YES;
				SWIFT_APPROACHABLE_CONCURRENCY = YES;
				SWIFT_DEFAULT_ACTOR_ISOLATION = MainActor;
				SWIFT_EMIT_LOC_STRINGS = YES;
				SWIFT_OBJC_BRIDGING_HEADER = "ObjCProxy/Bridging-Header.h";
				SWIFT_UPCOMING_FEATURE_MEMBER_IMPORT_VISIBILITY = YES;
				SWIFT_VERSION = 5.0;
			};
			name = Debug;
		};
		504EA7CD2ECE39E9008CF9FC /* Release */ = {
			isa = XCBuildConfiguration;
			buildSettings = {
				ASSETCATALOG_COMPILER_APPICON_NAME = AppIcon;
				ASSETCATALOG_COMPILER_GLOBAL_ACCENT_COLOR_NAME = AccentColor;
				AUTOMATION_APPLE_EVENTS = NO;
				CLANG_CXX_LANGUAGE_STANDARD = "gnu++23";
				CODE_SIGN_STYLE = Automatic;
				COMBINE_HIDPI_IMAGES = YES;
				CURRENT_PROJECT_VERSION = 1;
				DEAD_CODE_STRIPPING = YES;
				DEVELOPMENT_TEAM = 3NG65ZLYW7;
				ENABLE_APP_SANDBOX = NO;
				ENABLE_HARDENED_RUNTIME = YES;
				ENABLE_RESOURCE_ACCESS_PHOTO_LIBRARY = NO;
				GENERATE_INFOPLIST_FILE = YES;
				HEADER_SEARCH_PATHS = (
					Core,
					/usr/local/include,
					Core/utlib/include,
				);
				INFOPLIST_FILE = RetroMount/Info.plist;
				INFOPLIST_KEY_NSHumanReadableCopyright = "";
				INFOPLIST_KEY_NSMainStoryboardFile = Main;
				INFOPLIST_KEY_NSPrincipalClass = NSApplication;
				LD_RUNPATH_SEARCH_PATHS = (
					"$(inherited)",
					"@executable_path/../Frameworks",
				);
				LIBRARY_SEARCH_PATHS = (
					"$(inherited)",
					"$(PROJECT_DIR)",
					/usr/local/lib,
				);
				MARKETING_VERSION = 1.0;
				PRODUCT_BUNDLE_IDENTIFIER = de.dirkwhoffmann.de.retroMount;
				PRODUCT_NAME = "$(TARGET_NAME)";
				REGISTER_APP_GROUPS = YES;
				RUNTIME_EXCEPTION_ALLOW_DYLD_ENVIRONMENT_VARIABLES = NO;
				RUNTIME_EXCEPTION_ALLOW_JIT = NO;
				RUNTIME_EXCEPTION_ALLOW_UNSIGNED_EXECUTABLE_MEMORY = NO;
				RUNTIME_EXCEPTION_DEBUGGING_TOOL = NO;
				RUNTIME_EXCEPTION_DISABLE_EXECUTABLE_PAGE_PROTECTION = NO;
				RUNTIME_EXCEPTION_DISABLE_LIBRARY_VALIDATION = YES;
				STRING_CATALOG_GENERATE_SYMBOLS = YES;
				SWIFT_APPROACHABLE_CONCURRENCY = YES;
				SWIFT_DEFAULT_ACTOR_ISOLATION = MainActor;
				SWIFT_EMIT_LOC_STRINGS = YES;
				SWIFT_OBJC_BRIDGING_HEADER = "ObjCProxy/Bridging-Header.h";
				SWIFT_UPCOMING_FEATURE_MEMBER_IMPORT_VISIBILITY = YES;
				SWIFT_VERSION = 5.0;
			};
			name = Release;
		};
/* End XCBuildConfiguration section */

/* Begin XCConfigurationList section */
		504EA7B82ECE39E8008CF9FC /* Build configuration list for PBXProject "RetroMount" */ = {
			isa = XCConfigurationList;
			buildConfigurations = (
				504EA7C92ECE39E9008CF9FC /* Debug */,
				504EA7CA2ECE39E9008CF9FC /* Release */,
			);
			defaultConfigurationIsVisible = 0;
			defaultConfigurationName = Release;
		};
		504EA7CB2ECE39E9008CF9FC /* Build configuration list for PBXNativeTarget "RetroMount" */ = {
			isa = XCConfigurationList;
			buildConfigurations = (
				504EA7CC2ECE39E9008CF9FC /* Debug */,
				504EA7CD2ECE39E9008CF9FC /* Release */,
			);
			defaultConfigurationIsVisible = 0;
			defaultConfigurationName = Release;
		};
/* End XCConfigurationList section */
	};
	rootObject = 504EA7B52ECE39E8008CF9FC /* Project object */;
}
